// !$*UTF8*$!
{
	archiveVersion = 1;
	classes = {
	};
	objectVersion = 54;
	objects = {

/* Begin PBXBuildFile section */
		00E356F31AD99517003FC87E /* IoReactNativeWalletExampleTests.m in Sources */ = {isa = PBXBuildFile; fileRef = 00E356F21AD99517003FC87E /* IoReactNativeWalletExampleTests.m */; };
		01B6889A02804CA7BC37FB90 /* TitilliumSansPro-ThinItalic.otf in Resources */ = {isa = PBXBuildFile; fileRef = 4FA49BD9C9064EE99AFE5BC8 /* TitilliumSansPro-ThinItalic.otf */; };
		01CB3A548BD546A897551ED8 /* TitilliumSansPro-Semibold.otf in Resources */ = {isa = PBXBuildFile; fileRef = 5F5F4BC1A3D44E1FBBB02896 /* TitilliumSansPro-Semibold.otf */; };
		040B8B64142944C9A5ECEA77 /* DMMono-OFL.txt in Resources */ = {isa = PBXBuildFile; fileRef = 2309F3A264BA4D39ADFD8E4F /* DMMono-OFL.txt */; };
		0C80B921A6F3F58F76C31292 /* libPods-IoReactNativeWalletExample.a in Frameworks */ = {isa = PBXBuildFile; fileRef = 5DCACB8F33CDC322A6C60F78 /* libPods-IoReactNativeWalletExample.a */; };
		13B07FBC1A68108700A75B9A /* AppDelegate.mm in Sources */ = {isa = PBXBuildFile; fileRef = 13B07FB01A68108700A75B9A /* AppDelegate.mm */; };
		13B07FBF1A68108700A75B9A /* Images.xcassets in Resources */ = {isa = PBXBuildFile; fileRef = 13B07FB51A68108700A75B9A /* Images.xcassets */; };
		13B07FC11A68108700A75B9A /* main.m in Sources */ = {isa = PBXBuildFile; fileRef = 13B07FB71A68108700A75B9A /* main.m */; };
		1C69C294D5864A0AA818765D /* RobotoMono-BoldItalic.ttf in Resources */ = {isa = PBXBuildFile; fileRef = 41EDDF6308274FB59D123496 /* RobotoMono-BoldItalic.ttf */; };
		2C34BB3742B24CAFA5FD4032 /* TitilliumSansPro-Thin.otf in Resources */ = {isa = PBXBuildFile; fileRef = BA3472EEF34B4C87B10C6E77 /* TitilliumSansPro-Thin.otf */; };
		2FEA57BFBB40416C86870DAB /* RobotoMono-LightItalic.ttf in Resources */ = {isa = PBXBuildFile; fileRef = B27353BDDFCF4572A25D5660 /* RobotoMono-LightItalic.ttf */; };
		34DC884EC58D456F8DBFAD09 /* DMMono-Medium.ttf in Resources */ = {isa = PBXBuildFile; fileRef = A60C86C013E2494BA50D8EB4 /* DMMono-Medium.ttf */; };
		5612B2B87BD84025B228726C /* TitilliumSansPro-OFL.txt in Resources */ = {isa = PBXBuildFile; fileRef = 13D04A4797234CB88C85C5F4 /* TitilliumSansPro-OFL.txt */; };
		597AD71FF4F24237B589B9C3 /* RobotoMono-Light.ttf in Resources */ = {isa = PBXBuildFile; fileRef = DB93C096FBD34BAB81EAFA22 /* RobotoMono-Light.ttf */; };
		5A826477AA154497B5093D65 /* TitilliumSansPro-Bold.otf in Resources */ = {isa = PBXBuildFile; fileRef = DBBA4DB0DF13485E885CFC89 /* TitilliumSansPro-Bold.otf */; };
		6132EF182BDFF13200BBE14D /* PrivacyInfo.xcprivacy in Resources */ = {isa = PBXBuildFile; fileRef = 6132EF172BDFF13200BBE14D /* PrivacyInfo.xcprivacy */; };
		67CE26A78E6F41E4B6936C7A /* ReadexPro-OFL.txt in Resources */ = {isa = PBXBuildFile; fileRef = F48A235B69494FE48206078A /* ReadexPro-OFL.txt */; };
		6AB6BFFA595A4E14BC592E50 /* TitilliumSansPro-Regular.otf in Resources */ = {isa = PBXBuildFile; fileRef = 7F16C70163144A75B710137D /* TitilliumSansPro-Regular.otf */; };
		75CCD1CBAF4340A7B376A9B1 /* TitilliumSansPro-BlackItalic.otf in Resources */ = {isa = PBXBuildFile; fileRef = 9296A770E7AD4CBEBC358301 /* TitilliumSansPro-BlackItalic.otf */; };
		7699B88040F8A987B510C191 /* libPods-IoReactNativeWalletExample-IoReactNativeWalletExampleTests.a in Frameworks */ = {isa = PBXBuildFile; fileRef = 19F6CBCC0A4E27FBF8BF4A61 /* libPods-IoReactNativeWalletExample-IoReactNativeWalletExampleTests.a */; };
		81AB9BB82411601600AC10FF /* LaunchScreen.storyboard in Resources */ = {isa = PBXBuildFile; fileRef = 81AB9BB72411601600AC10FF /* LaunchScreen.storyboard */; };
		953B907B75BC4012B3957BA0 /* TitilliumSansPro-Italic.otf in Resources */ = {isa = PBXBuildFile; fileRef = 714F4936B4A34DF1A1606670 /* TitilliumSansPro-Italic.otf */; };
		96216BD64FF64E159063FDD3 /* RobotoMono-RegularItalic.ttf in Resources */ = {isa = PBXBuildFile; fileRef = 84F6925B1827487BAE8A81AB /* RobotoMono-RegularItalic.ttf */; };
		9769CCEF532149129C7C5B41 /* RobotoMono-Bold.ttf in Resources */ = {isa = PBXBuildFile; fileRef = 34B99A9C0D434346AF55F188 /* RobotoMono-Bold.ttf */; };
		9BFB7E480C37461A8185CA17 /* TitilliumSansPro-Black.otf in Resources */ = {isa = PBXBuildFile; fileRef = C0DDE3ADFE354DEB91FA9A27 /* TitilliumSansPro-Black.otf */; };
		A396C889CD3D43ADA640F400 /* TitilliumSansPro-LightItalic.otf in Resources */ = {isa = PBXBuildFile; fileRef = 20B2C253A0F84297B44DDD5E /* TitilliumSansPro-LightItalic.otf */; };
		D5AA123FFE004839B81382DC /* TitilliumSansPro-SemiboldItalic.otf in Resources */ = {isa = PBXBuildFile; fileRef = FD7E5C3ADD0D45ABA7C3CF1C /* TitilliumSansPro-SemiboldItalic.otf */; };
		ED54A61D553F49ADA74DE9F7 /* TitilliumSansPro-BoldItalic.otf in Resources */ = {isa = PBXBuildFile; fileRef = B6398EA968F5490CA482C356 /* TitilliumSansPro-BoldItalic.otf */; };
		F3FD937DE99549BE826DD648 /* ReadexPro-Regular.ttf in Resources */ = {isa = PBXBuildFile; fileRef = 1A09F999A04143FB9D62EA41 /* ReadexPro-Regular.ttf */; };
		F779974619174A8E836A92FA /* RobotoMono-Regular.ttf in Resources */ = {isa = PBXBuildFile; fileRef = F79DE68BE8024EACA7082A06 /* RobotoMono-Regular.ttf */; };
		F8CC5A4FB61D482E9F9ABC77 /* LICENSE.txt in Resources */ = {isa = PBXBuildFile; fileRef = 6579637F062045C785BFBCC3 /* LICENSE.txt */; };
		FCD1E36A46F748FD977C94F9 /* TitilliumSansPro-Light.otf in Resources */ = {isa = PBXBuildFile; fileRef = AF053A2BEEC145F98DE4D693 /* TitilliumSansPro-Light.otf */; };
/* End PBXBuildFile section */

/* Begin PBXContainerItemProxy section */
		00E356F41AD99517003FC87E /* PBXContainerItemProxy */ = {
			isa = PBXContainerItemProxy;
			containerPortal = 83CBB9F71A601CBA00E9B192 /* Project object */;
			proxyType = 1;
			remoteGlobalIDString = 13B07F861A680F5B00A75B9A;
			remoteInfo = IoReactNativeWalletExample;
		};
/* End PBXContainerItemProxy section */

/* Begin PBXFileReference section */
		00E356EE1AD99517003FC87E /* IoReactNativeWalletExampleTests.xctest */ = {isa = PBXFileReference; explicitFileType = wrapper.cfbundle; includeInIndex = 0; path = IoReactNativeWalletExampleTests.xctest; sourceTree = BUILT_PRODUCTS_DIR; };
		00E356F11AD99517003FC87E /* Info.plist */ = {isa = PBXFileReference; lastKnownFileType = text.plist.xml; path = Info.plist; sourceTree = "<group>"; };
		00E356F21AD99517003FC87E /* IoReactNativeWalletExampleTests.m */ = {isa = PBXFileReference; lastKnownFileType = sourcecode.c.objc; path = IoReactNativeWalletExampleTests.m; sourceTree = "<group>"; };
		13B07F961A680F5B00A75B9A /* IoReactNativeWalletExample.app */ = {isa = PBXFileReference; explicitFileType = wrapper.application; includeInIndex = 0; path = IoReactNativeWalletExample.app; sourceTree = BUILT_PRODUCTS_DIR; };
		13B07FAF1A68108700A75B9A /* AppDelegate.h */ = {isa = PBXFileReference; fileEncoding = 4; lastKnownFileType = sourcecode.c.h; name = AppDelegate.h; path = IoReactNativeWalletExample/AppDelegate.h; sourceTree = "<group>"; };
		13B07FB01A68108700A75B9A /* AppDelegate.mm */ = {isa = PBXFileReference; fileEncoding = 4; lastKnownFileType = sourcecode.cpp.objcpp; name = AppDelegate.mm; path = IoReactNativeWalletExample/AppDelegate.mm; sourceTree = "<group>"; };
		13B07FB51A68108700A75B9A /* Images.xcassets */ = {isa = PBXFileReference; lastKnownFileType = folder.assetcatalog; name = Images.xcassets; path = IoReactNativeWalletExample/Images.xcassets; sourceTree = "<group>"; };
		13B07FB61A68108700A75B9A /* Info.plist */ = {isa = PBXFileReference; fileEncoding = 4; lastKnownFileType = text.plist.xml; name = Info.plist; path = IoReactNativeWalletExample/Info.plist; sourceTree = "<group>"; };
		13B07FB71A68108700A75B9A /* main.m */ = {isa = PBXFileReference; fileEncoding = 4; lastKnownFileType = sourcecode.c.objc; name = main.m; path = IoReactNativeWalletExample/main.m; sourceTree = "<group>"; };
		13D04A4797234CB88C85C5F4 /* TitilliumSansPro-OFL.txt */ = {isa = PBXFileReference; explicitFileType = undefined; fileEncoding = undefined; includeInIndex = 0; lastKnownFileType = unknown; name = "TitilliumSansPro-OFL.txt"; path = "../assets/fonts/TitilliumSansPro-OFL.txt"; sourceTree = "<group>"; };
		19F6CBCC0A4E27FBF8BF4A61 /* libPods-IoReactNativeWalletExample-IoReactNativeWalletExampleTests.a */ = {isa = PBXFileReference; explicitFileType = archive.ar; includeInIndex = 0; path = "libPods-IoReactNativeWalletExample-IoReactNativeWalletExampleTests.a"; sourceTree = BUILT_PRODUCTS_DIR; };
		1A09F999A04143FB9D62EA41 /* ReadexPro-Regular.ttf */ = {isa = PBXFileReference; explicitFileType = undefined; fileEncoding = undefined; includeInIndex = 0; lastKnownFileType = unknown; name = "ReadexPro-Regular.ttf"; path = "../assets/fonts/ReadexPro/ReadexPro-Regular.ttf"; sourceTree = "<group>"; };
		20B2C253A0F84297B44DDD5E /* TitilliumSansPro-LightItalic.otf */ = {isa = PBXFileReference; explicitFileType = undefined; fileEncoding = undefined; includeInIndex = 0; lastKnownFileType = unknown; name = "TitilliumSansPro-LightItalic.otf"; path = "../assets/fonts/TitilliumSansPro/TitilliumSansPro-LightItalic.otf"; sourceTree = "<group>"; };
		2309F3A264BA4D39ADFD8E4F /* DMMono-OFL.txt */ = {isa = PBXFileReference; explicitFileType = undefined; fileEncoding = undefined; includeInIndex = 0; lastKnownFileType = unknown; name = "DMMono-OFL.txt"; path = "../assets/fonts/DMMono-OFL.txt"; sourceTree = "<group>"; };
		34B99A9C0D434346AF55F188 /* RobotoMono-Bold.ttf */ = {isa = PBXFileReference; explicitFileType = undefined; fileEncoding = undefined; includeInIndex = 0; lastKnownFileType = unknown; name = "RobotoMono-Bold.ttf"; path = "../assets/fonts/RobotoMono/RobotoMono-Bold.ttf"; sourceTree = "<group>"; };
		3B4392A12AC88292D35C810B /* Pods-IoReactNativeWalletExample.debug.xcconfig */ = {isa = PBXFileReference; includeInIndex = 1; lastKnownFileType = text.xcconfig; name = "Pods-IoReactNativeWalletExample.debug.xcconfig"; path = "Target Support Files/Pods-IoReactNativeWalletExample/Pods-IoReactNativeWalletExample.debug.xcconfig"; sourceTree = "<group>"; };
		41EDDF6308274FB59D123496 /* RobotoMono-BoldItalic.ttf */ = {isa = PBXFileReference; explicitFileType = undefined; fileEncoding = undefined; includeInIndex = 0; lastKnownFileType = unknown; name = "RobotoMono-BoldItalic.ttf"; path = "../assets/fonts/RobotoMono/RobotoMono-BoldItalic.ttf"; sourceTree = "<group>"; };
		4FA49BD9C9064EE99AFE5BC8 /* TitilliumSansPro-ThinItalic.otf */ = {isa = PBXFileReference; explicitFileType = undefined; fileEncoding = undefined; includeInIndex = 0; lastKnownFileType = unknown; name = "TitilliumSansPro-ThinItalic.otf"; path = "../assets/fonts/TitilliumSansPro/TitilliumSansPro-ThinItalic.otf"; sourceTree = "<group>"; };
		5709B34CF0A7D63546082F79 /* Pods-IoReactNativeWalletExample.release.xcconfig */ = {isa = PBXFileReference; includeInIndex = 1; lastKnownFileType = text.xcconfig; name = "Pods-IoReactNativeWalletExample.release.xcconfig"; path = "Target Support Files/Pods-IoReactNativeWalletExample/Pods-IoReactNativeWalletExample.release.xcconfig"; sourceTree = "<group>"; };
		5B7EB9410499542E8C5724F5 /* Pods-IoReactNativeWalletExample-IoReactNativeWalletExampleTests.debug.xcconfig */ = {isa = PBXFileReference; includeInIndex = 1; lastKnownFileType = text.xcconfig; name = "Pods-IoReactNativeWalletExample-IoReactNativeWalletExampleTests.debug.xcconfig"; path = "Target Support Files/Pods-IoReactNativeWalletExample-IoReactNativeWalletExampleTests/Pods-IoReactNativeWalletExample-IoReactNativeWalletExampleTests.debug.xcconfig"; sourceTree = "<group>"; };
		5DCACB8F33CDC322A6C60F78 /* libPods-IoReactNativeWalletExample.a */ = {isa = PBXFileReference; explicitFileType = archive.ar; includeInIndex = 0; path = "libPods-IoReactNativeWalletExample.a"; sourceTree = BUILT_PRODUCTS_DIR; };
		5F5F4BC1A3D44E1FBBB02896 /* TitilliumSansPro-Semibold.otf */ = {isa = PBXFileReference; explicitFileType = undefined; fileEncoding = undefined; includeInIndex = 0; lastKnownFileType = unknown; name = "TitilliumSansPro-Semibold.otf"; path = "../assets/fonts/TitilliumSansPro/TitilliumSansPro-Semibold.otf"; sourceTree = "<group>"; };
		6132EF172BDFF13200BBE14D /* PrivacyInfo.xcprivacy */ = {isa = PBXFileReference; lastKnownFileType = text.xml; name = PrivacyInfo.xcprivacy; path = IoReactNativeWalletExample/PrivacyInfo.xcprivacy; sourceTree = "<group>"; };
		6579637F062045C785BFBCC3 /* LICENSE.txt */ = {isa = PBXFileReference; explicitFileType = undefined; fileEncoding = undefined; includeInIndex = 0; lastKnownFileType = unknown; name = LICENSE.txt; path = ../assets/fonts/RobotoMono/LICENSE.txt; sourceTree = "<group>"; };
		714F4936B4A34DF1A1606670 /* TitilliumSansPro-Italic.otf */ = {isa = PBXFileReference; explicitFileType = undefined; fileEncoding = undefined; includeInIndex = 0; lastKnownFileType = unknown; name = "TitilliumSansPro-Italic.otf"; path = "../assets/fonts/TitilliumSansPro/TitilliumSansPro-Italic.otf"; sourceTree = "<group>"; };
		7F16C70163144A75B710137D /* TitilliumSansPro-Regular.otf */ = {isa = PBXFileReference; explicitFileType = undefined; fileEncoding = undefined; includeInIndex = 0; lastKnownFileType = unknown; name = "TitilliumSansPro-Regular.otf"; path = "../assets/fonts/TitilliumSansPro/TitilliumSansPro-Regular.otf"; sourceTree = "<group>"; };
		81AB9BB72411601600AC10FF /* LaunchScreen.storyboard */ = {isa = PBXFileReference; fileEncoding = 4; lastKnownFileType = file.storyboard; name = LaunchScreen.storyboard; path = IoReactNativeWalletExample/LaunchScreen.storyboard; sourceTree = "<group>"; };
		84F6925B1827487BAE8A81AB /* RobotoMono-RegularItalic.ttf */ = {isa = PBXFileReference; explicitFileType = undefined; fileEncoding = undefined; includeInIndex = 0; lastKnownFileType = unknown; name = "RobotoMono-RegularItalic.ttf"; path = "../assets/fonts/RobotoMono/RobotoMono-RegularItalic.ttf"; sourceTree = "<group>"; };
		89C6BE57DB24E9ADA2F236DE /* Pods-IoReactNativeWalletExample-IoReactNativeWalletExampleTests.release.xcconfig */ = {isa = PBXFileReference; includeInIndex = 1; lastKnownFileType = text.xcconfig; name = "Pods-IoReactNativeWalletExample-IoReactNativeWalletExampleTests.release.xcconfig"; path = "Target Support Files/Pods-IoReactNativeWalletExample-IoReactNativeWalletExampleTests/Pods-IoReactNativeWalletExample-IoReactNativeWalletExampleTests.release.xcconfig"; sourceTree = "<group>"; };
		9296A770E7AD4CBEBC358301 /* TitilliumSansPro-BlackItalic.otf */ = {isa = PBXFileReference; explicitFileType = undefined; fileEncoding = undefined; includeInIndex = 0; lastKnownFileType = unknown; name = "TitilliumSansPro-BlackItalic.otf"; path = "../assets/fonts/TitilliumSansPro/TitilliumSansPro-BlackItalic.otf"; sourceTree = "<group>"; };
		A60C86C013E2494BA50D8EB4 /* DMMono-Medium.ttf */ = {isa = PBXFileReference; explicitFileType = undefined; fileEncoding = undefined; includeInIndex = 0; lastKnownFileType = unknown; name = "DMMono-Medium.ttf"; path = "../assets/fonts/DMMono/DMMono-Medium.ttf"; sourceTree = "<group>"; };
		AF053A2BEEC145F98DE4D693 /* TitilliumSansPro-Light.otf */ = {isa = PBXFileReference; explicitFileType = undefined; fileEncoding = undefined; includeInIndex = 0; lastKnownFileType = unknown; name = "TitilliumSansPro-Light.otf"; path = "../assets/fonts/TitilliumSansPro/TitilliumSansPro-Light.otf"; sourceTree = "<group>"; };
		B27353BDDFCF4572A25D5660 /* RobotoMono-LightItalic.ttf */ = {isa = PBXFileReference; explicitFileType = undefined; fileEncoding = undefined; includeInIndex = 0; lastKnownFileType = unknown; name = "RobotoMono-LightItalic.ttf"; path = "../assets/fonts/RobotoMono/RobotoMono-LightItalic.ttf"; sourceTree = "<group>"; };
		B6398EA968F5490CA482C356 /* TitilliumSansPro-BoldItalic.otf */ = {isa = PBXFileReference; explicitFileType = undefined; fileEncoding = undefined; includeInIndex = 0; lastKnownFileType = unknown; name = "TitilliumSansPro-BoldItalic.otf"; path = "../assets/fonts/TitilliumSansPro/TitilliumSansPro-BoldItalic.otf"; sourceTree = "<group>"; };
		BA3472EEF34B4C87B10C6E77 /* TitilliumSansPro-Thin.otf */ = {isa = PBXFileReference; explicitFileType = undefined; fileEncoding = undefined; includeInIndex = 0; lastKnownFileType = unknown; name = "TitilliumSansPro-Thin.otf"; path = "../assets/fonts/TitilliumSansPro/TitilliumSansPro-Thin.otf"; sourceTree = "<group>"; };
		C0DDE3ADFE354DEB91FA9A27 /* TitilliumSansPro-Black.otf */ = {isa = PBXFileReference; explicitFileType = undefined; fileEncoding = undefined; includeInIndex = 0; lastKnownFileType = unknown; name = "TitilliumSansPro-Black.otf"; path = "../assets/fonts/TitilliumSansPro/TitilliumSansPro-Black.otf"; sourceTree = "<group>"; };
		DB93C096FBD34BAB81EAFA22 /* RobotoMono-Light.ttf */ = {isa = PBXFileReference; explicitFileType = undefined; fileEncoding = undefined; includeInIndex = 0; lastKnownFileType = unknown; name = "RobotoMono-Light.ttf"; path = "../assets/fonts/RobotoMono/RobotoMono-Light.ttf"; sourceTree = "<group>"; };
		DBBA4DB0DF13485E885CFC89 /* TitilliumSansPro-Bold.otf */ = {isa = PBXFileReference; explicitFileType = undefined; fileEncoding = undefined; includeInIndex = 0; lastKnownFileType = unknown; name = "TitilliumSansPro-Bold.otf"; path = "../assets/fonts/TitilliumSansPro/TitilliumSansPro-Bold.otf"; sourceTree = "<group>"; };
		ED297162215061F000B7C4FE /* JavaScriptCore.framework */ = {isa = PBXFileReference; lastKnownFileType = wrapper.framework; name = JavaScriptCore.framework; path = System/Library/Frameworks/JavaScriptCore.framework; sourceTree = SDKROOT; };
		F48A235B69494FE48206078A /* ReadexPro-OFL.txt */ = {isa = PBXFileReference; explicitFileType = undefined; fileEncoding = undefined; includeInIndex = 0; lastKnownFileType = unknown; name = "ReadexPro-OFL.txt"; path = "../assets/fonts/ReadexPro-OFL.txt"; sourceTree = "<group>"; };
		F79DE68BE8024EACA7082A06 /* RobotoMono-Regular.ttf */ = {isa = PBXFileReference; explicitFileType = undefined; fileEncoding = undefined; includeInIndex = 0; lastKnownFileType = unknown; name = "RobotoMono-Regular.ttf"; path = "../assets/fonts/RobotoMono/RobotoMono-Regular.ttf"; sourceTree = "<group>"; };
		FD7E5C3ADD0D45ABA7C3CF1C /* TitilliumSansPro-SemiboldItalic.otf */ = {isa = PBXFileReference; explicitFileType = undefined; fileEncoding = undefined; includeInIndex = 0; lastKnownFileType = unknown; name = "TitilliumSansPro-SemiboldItalic.otf"; path = "../assets/fonts/TitilliumSansPro/TitilliumSansPro-SemiboldItalic.otf"; sourceTree = "<group>"; };
/* End PBXFileReference section */

/* Begin PBXFrameworksBuildPhase section */
		00E356EB1AD99517003FC87E /* Frameworks */ = {
			isa = PBXFrameworksBuildPhase;
			buildActionMask = 2147483647;
			files = (
				7699B88040F8A987B510C191 /* libPods-IoReactNativeWalletExample-IoReactNativeWalletExampleTests.a in Frameworks */,
			);
			runOnlyForDeploymentPostprocessing = 0;
		};
		13B07F8C1A680F5B00A75B9A /* Frameworks */ = {
			isa = PBXFrameworksBuildPhase;
			buildActionMask = 2147483647;
			files = (
				0C80B921A6F3F58F76C31292 /* libPods-IoReactNativeWalletExample.a in Frameworks */,
			);
			runOnlyForDeploymentPostprocessing = 0;
		};
/* End PBXFrameworksBuildPhase section */

/* Begin PBXGroup section */
		00E356EF1AD99517003FC87E /* IoReactNativeWalletExampleTests */ = {
			isa = PBXGroup;
			children = (
				00E356F21AD99517003FC87E /* IoReactNativeWalletExampleTests.m */,
				00E356F01AD99517003FC87E /* Supporting Files */,
			);
			path = IoReactNativeWalletExampleTests;
			sourceTree = "<group>";
		};
		00E356F01AD99517003FC87E /* Supporting Files */ = {
			isa = PBXGroup;
			children = (
				00E356F11AD99517003FC87E /* Info.plist */,
			);
			name = "Supporting Files";
			sourceTree = "<group>";
		};
		130DE45BFE114BC68132DD63 /* Resources */ = {
			isa = PBXGroup;
			children = (
				C0DDE3ADFE354DEB91FA9A27 /* TitilliumSansPro-Black.otf */,
				9296A770E7AD4CBEBC358301 /* TitilliumSansPro-BlackItalic.otf */,
				DBBA4DB0DF13485E885CFC89 /* TitilliumSansPro-Bold.otf */,
				B6398EA968F5490CA482C356 /* TitilliumSansPro-BoldItalic.otf */,
				714F4936B4A34DF1A1606670 /* TitilliumSansPro-Italic.otf */,
				AF053A2BEEC145F98DE4D693 /* TitilliumSansPro-Light.otf */,
				20B2C253A0F84297B44DDD5E /* TitilliumSansPro-LightItalic.otf */,
				7F16C70163144A75B710137D /* TitilliumSansPro-Regular.otf */,
				5F5F4BC1A3D44E1FBBB02896 /* TitilliumSansPro-Semibold.otf */,
				FD7E5C3ADD0D45ABA7C3CF1C /* TitilliumSansPro-SemiboldItalic.otf */,
				BA3472EEF34B4C87B10C6E77 /* TitilliumSansPro-Thin.otf */,
				4FA49BD9C9064EE99AFE5BC8 /* TitilliumSansPro-ThinItalic.otf */,
				A60C86C013E2494BA50D8EB4 /* DMMono-Medium.ttf */,
				1A09F999A04143FB9D62EA41 /* ReadexPro-Regular.ttf */,
				34B99A9C0D434346AF55F188 /* RobotoMono-Bold.ttf */,
				41EDDF6308274FB59D123496 /* RobotoMono-BoldItalic.ttf */,
				DB93C096FBD34BAB81EAFA22 /* RobotoMono-Light.ttf */,
				B27353BDDFCF4572A25D5660 /* RobotoMono-LightItalic.ttf */,
				F79DE68BE8024EACA7082A06 /* RobotoMono-Regular.ttf */,
				84F6925B1827487BAE8A81AB /* RobotoMono-RegularItalic.ttf */,
				2309F3A264BA4D39ADFD8E4F /* DMMono-OFL.txt */,
				F48A235B69494FE48206078A /* ReadexPro-OFL.txt */,
				6579637F062045C785BFBCC3 /* LICENSE.txt */,
				13D04A4797234CB88C85C5F4 /* TitilliumSansPro-OFL.txt */,
			);
			name = Resources;
			path = "";
			sourceTree = "<group>";
		};
		13B07FAE1A68108700A75B9A /* IoReactNativeWalletExample */ = {
			isa = PBXGroup;
			children = (
				13B07FAF1A68108700A75B9A /* AppDelegate.h */,
				13B07FB01A68108700A75B9A /* AppDelegate.mm */,
				13B07FB51A68108700A75B9A /* Images.xcassets */,
				13B07FB61A68108700A75B9A /* Info.plist */,
				81AB9BB72411601600AC10FF /* LaunchScreen.storyboard */,
				13B07FB71A68108700A75B9A /* main.m */,
			);
			name = IoReactNativeWalletExample;
			sourceTree = "<group>";
		};
		2D16E6871FA4F8E400B85C8A /* Frameworks */ = {
			isa = PBXGroup;
			children = (
				ED297162215061F000B7C4FE /* JavaScriptCore.framework */,
				5DCACB8F33CDC322A6C60F78 /* libPods-IoReactNativeWalletExample.a */,
				19F6CBCC0A4E27FBF8BF4A61 /* libPods-IoReactNativeWalletExample-IoReactNativeWalletExampleTests.a */,
			);
			name = Frameworks;
			sourceTree = "<group>";
		};
		832341AE1AAA6A7D00B99B32 /* Libraries */ = {
			isa = PBXGroup;
			children = (
			);
			name = Libraries;
			sourceTree = "<group>";
		};
		83CBB9F61A601CBA00E9B192 = {
			isa = PBXGroup;
			children = (
				6132EF172BDFF13200BBE14D /* PrivacyInfo.xcprivacy */,
				13B07FAE1A68108700A75B9A /* IoReactNativeWalletExample */,
				832341AE1AAA6A7D00B99B32 /* Libraries */,
				00E356EF1AD99517003FC87E /* IoReactNativeWalletExampleTests */,
				83CBBA001A601CBA00E9B192 /* Products */,
				2D16E6871FA4F8E400B85C8A /* Frameworks */,
				BBD78D7AC51CEA395F1C20DB /* Pods */,
				130DE45BFE114BC68132DD63 /* Resources */,
			);
			indentWidth = 2;
			sourceTree = "<group>";
			tabWidth = 2;
			usesTabs = 0;
		};
		83CBBA001A601CBA00E9B192 /* Products */ = {
			isa = PBXGroup;
			children = (
				13B07F961A680F5B00A75B9A /* IoReactNativeWalletExample.app */,
				00E356EE1AD99517003FC87E /* IoReactNativeWalletExampleTests.xctest */,
			);
			name = Products;
			sourceTree = "<group>";
		};
		BBD78D7AC51CEA395F1C20DB /* Pods */ = {
			isa = PBXGroup;
			children = (
				3B4392A12AC88292D35C810B /* Pods-IoReactNativeWalletExample.debug.xcconfig */,
				5709B34CF0A7D63546082F79 /* Pods-IoReactNativeWalletExample.release.xcconfig */,
				5B7EB9410499542E8C5724F5 /* Pods-IoReactNativeWalletExample-IoReactNativeWalletExampleTests.debug.xcconfig */,
				89C6BE57DB24E9ADA2F236DE /* Pods-IoReactNativeWalletExample-IoReactNativeWalletExampleTests.release.xcconfig */,
			);
			path = Pods;
			sourceTree = "<group>";
		};
/* End PBXGroup section */

/* Begin PBXNativeTarget section */
		00E356ED1AD99517003FC87E /* IoReactNativeWalletExampleTests */ = {
			isa = PBXNativeTarget;
			buildConfigurationList = 00E357021AD99517003FC87E /* Build configuration list for PBXNativeTarget "IoReactNativeWalletExampleTests" */;
			buildPhases = (
				A55EABD7B0C7F3A422A6CC61 /* [CP] Check Pods Manifest.lock */,
				00E356EA1AD99517003FC87E /* Sources */,
				00E356EB1AD99517003FC87E /* Frameworks */,
				00E356EC1AD99517003FC87E /* Resources */,
				C59DA0FBD6956966B86A3779 /* [CP] Embed Pods Frameworks */,
				F6A41C54EA430FDDC6A6ED99 /* [CP] Copy Pods Resources */,
			);
			buildRules = (
			);
			dependencies = (
				00E356F51AD99517003FC87E /* PBXTargetDependency */,
			);
			name = IoReactNativeWalletExampleTests;
			productName = IoReactNativeWalletExampleTests;
			productReference = 00E356EE1AD99517003FC87E /* IoReactNativeWalletExampleTests.xctest */;
			productType = "com.apple.product-type.bundle.unit-test";
		};
		13B07F861A680F5B00A75B9A /* IoReactNativeWalletExample */ = {
			isa = PBXNativeTarget;
			buildConfigurationList = 13B07F931A680F5B00A75B9A /* Build configuration list for PBXNativeTarget "IoReactNativeWalletExample" */;
			buildPhases = (
				C38B50BA6285516D6DCD4F65 /* [CP] Check Pods Manifest.lock */,
				13B07F871A680F5B00A75B9A /* Sources */,
				13B07F8C1A680F5B00A75B9A /* Frameworks */,
				13B07F8E1A680F5B00A75B9A /* Resources */,
				00DD1BFF1BD5951E006B06BC /* Bundle React Native code and images */,
				00EEFC60759A1932668264C0 /* [CP] Embed Pods Frameworks */,
				E235C05ADACE081382539298 /* [CP] Copy Pods Resources */,
			);
			buildRules = (
			);
			dependencies = (
			);
			name = IoReactNativeWalletExample;
			productName = IoReactNativeWalletExample;
			productReference = 13B07F961A680F5B00A75B9A /* IoReactNativeWalletExample.app */;
			productType = "com.apple.product-type.application";
		};
/* End PBXNativeTarget section */

/* Begin PBXProject section */
		83CBB9F71A601CBA00E9B192 /* Project object */ = {
			isa = PBXProject;
			attributes = {
				LastUpgradeCheck = 1210;
				TargetAttributes = {
					00E356ED1AD99517003FC87E = {
						CreatedOnToolsVersion = 6.2;
						TestTargetID = 13B07F861A680F5B00A75B9A;
					};
					13B07F861A680F5B00A75B9A = {
						LastSwiftMigration = 1120;
					};
				};
			};
			buildConfigurationList = 83CBB9FA1A601CBA00E9B192 /* Build configuration list for PBXProject "IoReactNativeWalletExample" */;
			compatibilityVersion = "Xcode 12.0";
			developmentRegion = en;
			hasScannedForEncodings = 0;
			knownRegions = (
				en,
				Base,
			);
			mainGroup = 83CBB9F61A601CBA00E9B192;
			productRefGroup = 83CBBA001A601CBA00E9B192 /* Products */;
			projectDirPath = "";
			projectRoot = "";
			targets = (
				13B07F861A680F5B00A75B9A /* IoReactNativeWalletExample */,
				00E356ED1AD99517003FC87E /* IoReactNativeWalletExampleTests */,
			);
		};
/* End PBXProject section */

/* Begin PBXResourcesBuildPhase section */
		00E356EC1AD99517003FC87E /* Resources */ = {
			isa = PBXResourcesBuildPhase;
			buildActionMask = 2147483647;
			files = (
			);
			runOnlyForDeploymentPostprocessing = 0;
		};
		13B07F8E1A680F5B00A75B9A /* Resources */ = {
			isa = PBXResourcesBuildPhase;
			buildActionMask = 2147483647;
			files = (
				6132EF182BDFF13200BBE14D /* PrivacyInfo.xcprivacy in Resources */,
				81AB9BB82411601600AC10FF /* LaunchScreen.storyboard in Resources */,
				13B07FBF1A68108700A75B9A /* Images.xcassets in Resources */,
				9BFB7E480C37461A8185CA17 /* TitilliumSansPro-Black.otf in Resources */,
				75CCD1CBAF4340A7B376A9B1 /* TitilliumSansPro-BlackItalic.otf in Resources */,
				5A826477AA154497B5093D65 /* TitilliumSansPro-Bold.otf in Resources */,
				ED54A61D553F49ADA74DE9F7 /* TitilliumSansPro-BoldItalic.otf in Resources */,
				953B907B75BC4012B3957BA0 /* TitilliumSansPro-Italic.otf in Resources */,
				FCD1E36A46F748FD977C94F9 /* TitilliumSansPro-Light.otf in Resources */,
				A396C889CD3D43ADA640F400 /* TitilliumSansPro-LightItalic.otf in Resources */,
				6AB6BFFA595A4E14BC592E50 /* TitilliumSansPro-Regular.otf in Resources */,
				01CB3A548BD546A897551ED8 /* TitilliumSansPro-Semibold.otf in Resources */,
				D5AA123FFE004839B81382DC /* TitilliumSansPro-SemiboldItalic.otf in Resources */,
				2C34BB3742B24CAFA5FD4032 /* TitilliumSansPro-Thin.otf in Resources */,
				01B6889A02804CA7BC37FB90 /* TitilliumSansPro-ThinItalic.otf in Resources */,
				34DC884EC58D456F8DBFAD09 /* DMMono-Medium.ttf in Resources */,
				F3FD937DE99549BE826DD648 /* ReadexPro-Regular.ttf in Resources */,
				9769CCEF532149129C7C5B41 /* RobotoMono-Bold.ttf in Resources */,
				1C69C294D5864A0AA818765D /* RobotoMono-BoldItalic.ttf in Resources */,
				597AD71FF4F24237B589B9C3 /* RobotoMono-Light.ttf in Resources */,
				2FEA57BFBB40416C86870DAB /* RobotoMono-LightItalic.ttf in Resources */,
				F779974619174A8E836A92FA /* RobotoMono-Regular.ttf in Resources */,
				96216BD64FF64E159063FDD3 /* RobotoMono-RegularItalic.ttf in Resources */,
				040B8B64142944C9A5ECEA77 /* DMMono-OFL.txt in Resources */,
				67CE26A78E6F41E4B6936C7A /* ReadexPro-OFL.txt in Resources */,
				F8CC5A4FB61D482E9F9ABC77 /* LICENSE.txt in Resources */,
				5612B2B87BD84025B228726C /* TitilliumSansPro-OFL.txt in Resources */,
			);
			runOnlyForDeploymentPostprocessing = 0;
		};
/* End PBXResourcesBuildPhase section */

/* Begin PBXShellScriptBuildPhase section */
		00DD1BFF1BD5951E006B06BC /* Bundle React Native code and images */ = {
			isa = PBXShellScriptBuildPhase;
			buildActionMask = 2147483647;
			files = (
			);
			inputPaths = (
				"$(SRCROOT)/.xcode.env.local",
				"$(SRCROOT)/.xcode.env",
			);
			name = "Bundle React Native code and images";
			outputPaths = (
			);
			runOnlyForDeploymentPostprocessing = 0;
			shellPath = /bin/sh;
			shellScript = "set -e\n\nWITH_ENVIRONMENT=\"../node_modules/react-native/scripts/xcode/with-environment.sh\"\nREACT_NATIVE_XCODE=\"../node_modules/react-native/scripts/react-native-xcode.sh\"\n\n/bin/sh -c \"$WITH_ENVIRONMENT $REACT_NATIVE_XCODE\"\n";
		};
		00EEFC60759A1932668264C0 /* [CP] Embed Pods Frameworks */ = {
			isa = PBXShellScriptBuildPhase;
			buildActionMask = 2147483647;
			files = (
			);
			inputFileListPaths = (
				"${PODS_ROOT}/Target Support Files/Pods-IoReactNativeWalletExample/Pods-IoReactNativeWalletExample-frameworks-${CONFIGURATION}-input-files.xcfilelist",
			);
			name = "[CP] Embed Pods Frameworks";
			outputFileListPaths = (
				"${PODS_ROOT}/Target Support Files/Pods-IoReactNativeWalletExample/Pods-IoReactNativeWalletExample-frameworks-${CONFIGURATION}-output-files.xcfilelist",
			);
			runOnlyForDeploymentPostprocessing = 0;
			shellPath = /bin/sh;
			shellScript = "\"${PODS_ROOT}/Target Support Files/Pods-IoReactNativeWalletExample/Pods-IoReactNativeWalletExample-frameworks.sh\"\n";
			showEnvVarsInLog = 0;
		};
		A55EABD7B0C7F3A422A6CC61 /* [CP] Check Pods Manifest.lock */ = {
			isa = PBXShellScriptBuildPhase;
			buildActionMask = 2147483647;
			files = (
			);
			inputFileListPaths = (
			);
			inputPaths = (
				"${PODS_PODFILE_DIR_PATH}/Podfile.lock",
				"${PODS_ROOT}/Manifest.lock",
			);
			name = "[CP] Check Pods Manifest.lock";
			outputFileListPaths = (
			);
			outputPaths = (
				"$(DERIVED_FILE_DIR)/Pods-IoReactNativeWalletExample-IoReactNativeWalletExampleTests-checkManifestLockResult.txt",
			);
			runOnlyForDeploymentPostprocessing = 0;
			shellPath = /bin/sh;
			shellScript = "diff \"${PODS_PODFILE_DIR_PATH}/Podfile.lock\" \"${PODS_ROOT}/Manifest.lock\" > /dev/null\nif [ $? != 0 ] ; then\n    # print error to STDERR\n    echo \"error: The sandbox is not in sync with the Podfile.lock. Run 'pod install' or update your CocoaPods installation.\" >&2\n    exit 1\nfi\n# This output is used by Xcode 'outputs' to avoid re-running this script phase.\necho \"SUCCESS\" > \"${SCRIPT_OUTPUT_FILE_0}\"\n";
			showEnvVarsInLog = 0;
		};
		C38B50BA6285516D6DCD4F65 /* [CP] Check Pods Manifest.lock */ = {
			isa = PBXShellScriptBuildPhase;
			buildActionMask = 2147483647;
			files = (
			);
			inputFileListPaths = (
			);
			inputPaths = (
				"${PODS_PODFILE_DIR_PATH}/Podfile.lock",
				"${PODS_ROOT}/Manifest.lock",
			);
			name = "[CP] Check Pods Manifest.lock";
			outputFileListPaths = (
			);
			outputPaths = (
				"$(DERIVED_FILE_DIR)/Pods-IoReactNativeWalletExample-checkManifestLockResult.txt",
			);
			runOnlyForDeploymentPostprocessing = 0;
			shellPath = /bin/sh;
			shellScript = "diff \"${PODS_PODFILE_DIR_PATH}/Podfile.lock\" \"${PODS_ROOT}/Manifest.lock\" > /dev/null\nif [ $? != 0 ] ; then\n    # print error to STDERR\n    echo \"error: The sandbox is not in sync with the Podfile.lock. Run 'pod install' or update your CocoaPods installation.\" >&2\n    exit 1\nfi\n# This output is used by Xcode 'outputs' to avoid re-running this script phase.\necho \"SUCCESS\" > \"${SCRIPT_OUTPUT_FILE_0}\"\n";
			showEnvVarsInLog = 0;
		};
		C59DA0FBD6956966B86A3779 /* [CP] Embed Pods Frameworks */ = {
			isa = PBXShellScriptBuildPhase;
			buildActionMask = 2147483647;
			files = (
			);
			inputFileListPaths = (
				"${PODS_ROOT}/Target Support Files/Pods-IoReactNativeWalletExample-IoReactNativeWalletExampleTests/Pods-IoReactNativeWalletExample-IoReactNativeWalletExampleTests-frameworks-${CONFIGURATION}-input-files.xcfilelist",
			);
			name = "[CP] Embed Pods Frameworks";
			outputFileListPaths = (
				"${PODS_ROOT}/Target Support Files/Pods-IoReactNativeWalletExample-IoReactNativeWalletExampleTests/Pods-IoReactNativeWalletExample-IoReactNativeWalletExampleTests-frameworks-${CONFIGURATION}-output-files.xcfilelist",
			);
			runOnlyForDeploymentPostprocessing = 0;
			shellPath = /bin/sh;
			shellScript = "\"${PODS_ROOT}/Target Support Files/Pods-IoReactNativeWalletExample-IoReactNativeWalletExampleTests/Pods-IoReactNativeWalletExample-IoReactNativeWalletExampleTests-frameworks.sh\"\n";
			showEnvVarsInLog = 0;
		};
		E235C05ADACE081382539298 /* [CP] Copy Pods Resources */ = {
			isa = PBXShellScriptBuildPhase;
			buildActionMask = 2147483647;
			files = (
			);
			inputFileListPaths = (
				"${PODS_ROOT}/Target Support Files/Pods-IoReactNativeWalletExample/Pods-IoReactNativeWalletExample-resources-${CONFIGURATION}-input-files.xcfilelist",
			);
			name = "[CP] Copy Pods Resources";
			outputFileListPaths = (
				"${PODS_ROOT}/Target Support Files/Pods-IoReactNativeWalletExample/Pods-IoReactNativeWalletExample-resources-${CONFIGURATION}-output-files.xcfilelist",
			);
			runOnlyForDeploymentPostprocessing = 0;
			shellPath = /bin/sh;
			shellScript = "\"${PODS_ROOT}/Target Support Files/Pods-IoReactNativeWalletExample/Pods-IoReactNativeWalletExample-resources.sh\"\n";
			showEnvVarsInLog = 0;
		};
		F6A41C54EA430FDDC6A6ED99 /* [CP] Copy Pods Resources */ = {
			isa = PBXShellScriptBuildPhase;
			buildActionMask = 2147483647;
			files = (
			);
			inputFileListPaths = (
				"${PODS_ROOT}/Target Support Files/Pods-IoReactNativeWalletExample-IoReactNativeWalletExampleTests/Pods-IoReactNativeWalletExample-IoReactNativeWalletExampleTests-resources-${CONFIGURATION}-input-files.xcfilelist",
			);
			name = "[CP] Copy Pods Resources";
			outputFileListPaths = (
				"${PODS_ROOT}/Target Support Files/Pods-IoReactNativeWalletExample-IoReactNativeWalletExampleTests/Pods-IoReactNativeWalletExample-IoReactNativeWalletExampleTests-resources-${CONFIGURATION}-output-files.xcfilelist",
			);
			runOnlyForDeploymentPostprocessing = 0;
			shellPath = /bin/sh;
			shellScript = "\"${PODS_ROOT}/Target Support Files/Pods-IoReactNativeWalletExample-IoReactNativeWalletExampleTests/Pods-IoReactNativeWalletExample-IoReactNativeWalletExampleTests-resources.sh\"\n";
			showEnvVarsInLog = 0;
		};
/* End PBXShellScriptBuildPhase section */

/* Begin PBXSourcesBuildPhase section */
		00E356EA1AD99517003FC87E /* Sources */ = {
			isa = PBXSourcesBuildPhase;
			buildActionMask = 2147483647;
			files = (
				00E356F31AD99517003FC87E /* IoReactNativeWalletExampleTests.m in Sources */,
			);
			runOnlyForDeploymentPostprocessing = 0;
		};
		13B07F871A680F5B00A75B9A /* Sources */ = {
			isa = PBXSourcesBuildPhase;
			buildActionMask = 2147483647;
			files = (
				13B07FBC1A68108700A75B9A /* AppDelegate.mm in Sources */,
				13B07FC11A68108700A75B9A /* main.m in Sources */,
			);
			runOnlyForDeploymentPostprocessing = 0;
		};
/* End PBXSourcesBuildPhase section */

/* Begin PBXTargetDependency section */
		00E356F51AD99517003FC87E /* PBXTargetDependency */ = {
			isa = PBXTargetDependency;
			target = 13B07F861A680F5B00A75B9A /* IoReactNativeWalletExample */;
			targetProxy = 00E356F41AD99517003FC87E /* PBXContainerItemProxy */;
		};
/* End PBXTargetDependency section */

/* Begin XCBuildConfiguration section */
		00E356F61AD99517003FC87E /* Debug */ = {
			isa = XCBuildConfiguration;
			baseConfigurationReference = 5B7EB9410499542E8C5724F5 /* Pods-IoReactNativeWalletExample-IoReactNativeWalletExampleTests.debug.xcconfig */;
			buildSettings = {
				BUNDLE_LOADER = "$(TEST_HOST)";
				GCC_PREPROCESSOR_DEFINITIONS = (
					"DEBUG=1",
					"$(inherited)",
				);
				INFOPLIST_FILE = IoReactNativeWalletExampleTests/Info.plist;
				IPHONEOS_DEPLOYMENT_TARGET = 13.4;
				LD_RUNPATH_SEARCH_PATHS = (
					"$(inherited)",
					"@executable_path/Frameworks",
					"@loader_path/Frameworks",
				);
				OTHER_LDFLAGS = (
					"-ObjC",
					"-lc++",
					"$(inherited)",
				);
				PRODUCT_BUNDLE_IDENTIFIER = it.pagopa.app.io.poc.itwallet;
				PRODUCT_NAME = "$(TARGET_NAME)";
				TEST_HOST = "$(BUILT_PRODUCTS_DIR)/IoReactNativeWalletExample.app/IoReactNativeWalletExample";
			};
			name = Debug;
		};
		00E356F71AD99517003FC87E /* Release */ = {
			isa = XCBuildConfiguration;
			baseConfigurationReference = 89C6BE57DB24E9ADA2F236DE /* Pods-IoReactNativeWalletExample-IoReactNativeWalletExampleTests.release.xcconfig */;
			buildSettings = {
				BUNDLE_LOADER = "$(TEST_HOST)";
				COPY_PHASE_STRIP = NO;
				INFOPLIST_FILE = IoReactNativeWalletExampleTests/Info.plist;
				IPHONEOS_DEPLOYMENT_TARGET = 13.4;
				LD_RUNPATH_SEARCH_PATHS = (
					"$(inherited)",
					"@executable_path/Frameworks",
					"@loader_path/Frameworks",
				);
				OTHER_LDFLAGS = (
					"-ObjC",
					"-lc++",
					"$(inherited)",
				);
				PRODUCT_BUNDLE_IDENTIFIER = it.pagopa.app.io.poc.itwallet;
				PRODUCT_NAME = "$(TARGET_NAME)";
				TEST_HOST = "$(BUILT_PRODUCTS_DIR)/IoReactNativeWalletExample.app/IoReactNativeWalletExample";
			};
			name = Release;
		};
		13B07F941A680F5B00A75B9A /* Debug */ = {
			isa = XCBuildConfiguration;
			baseConfigurationReference = 3B4392A12AC88292D35C810B /* Pods-IoReactNativeWalletExample.debug.xcconfig */;
			buildSettings = {
				ASSETCATALOG_COMPILER_APPICON_NAME = AppIcon;
				CLANG_ENABLE_MODULES = YES;
				CURRENT_PROJECT_VERSION = 1;
				ENABLE_BITCODE = NO;
				INFOPLIST_FILE = IoReactNativeWalletExample/Info.plist;
				LD_RUNPATH_SEARCH_PATHS = (
					"$(inherited)",
					"@executable_path/Frameworks",
				);
				MARKETING_VERSION = 1.0;
				OTHER_LDFLAGS = (
					"$(inherited)",
					"-ObjC",
					"-lc++",
				);
				PRODUCT_BUNDLE_IDENTIFIER = it.pagopa.app.io.poc.itwallet;
				PRODUCT_NAME = IoReactNativeWalletExample;
				SWIFT_OPTIMIZATION_LEVEL = "-Onone";
				SWIFT_VERSION = 5.0;
				VERSIONING_SYSTEM = "apple-generic";
			};
			name = Debug;
		};
		13B07F951A680F5B00A75B9A /* Release */ = {
			isa = XCBuildConfiguration;
			baseConfigurationReference = 5709B34CF0A7D63546082F79 /* Pods-IoReactNativeWalletExample.release.xcconfig */;
			buildSettings = {
				ASSETCATALOG_COMPILER_APPICON_NAME = AppIcon;
				CLANG_ENABLE_MODULES = YES;
				CURRENT_PROJECT_VERSION = 1;
				INFOPLIST_FILE = IoReactNativeWalletExample/Info.plist;
				LD_RUNPATH_SEARCH_PATHS = (
					"$(inherited)",
					"@executable_path/Frameworks",
				);
				MARKETING_VERSION = 1.0;
				OTHER_LDFLAGS = (
					"$(inherited)",
					"-ObjC",
					"-lc++",
				);
				PRODUCT_BUNDLE_IDENTIFIER = it.pagopa.app.io.poc.itwallet;
				PRODUCT_NAME = IoReactNativeWalletExample;
				SWIFT_VERSION = 5.0;
				VERSIONING_SYSTEM = "apple-generic";
			};
			name = Release;
		};
		83CBBA201A601CBA00E9B192 /* Debug */ = {
			isa = XCBuildConfiguration;
			buildSettings = {
				ALWAYS_SEARCH_USER_PATHS = NO;
				CLANG_ANALYZER_LOCALIZABILITY_NONLOCALIZED = YES;
				CLANG_CXX_LANGUAGE_STANDARD = "c++20";
				CLANG_CXX_LIBRARY = "libc++";
				CLANG_ENABLE_MODULES = YES;
				CLANG_ENABLE_OBJC_ARC = YES;
				CLANG_WARN_BLOCK_CAPTURE_AUTORELEASING = YES;
				CLANG_WARN_BOOL_CONVERSION = YES;
				CLANG_WARN_COMMA = YES;
				CLANG_WARN_CONSTANT_CONVERSION = YES;
				CLANG_WARN_DEPRECATED_OBJC_IMPLEMENTATIONS = YES;
				CLANG_WARN_DIRECT_OBJC_ISA_USAGE = YES_ERROR;
				CLANG_WARN_EMPTY_BODY = YES;
				CLANG_WARN_ENUM_CONVERSION = YES;
				CLANG_WARN_INFINITE_RECURSION = YES;
				CLANG_WARN_INT_CONVERSION = YES;
				CLANG_WARN_NON_LITERAL_NULL_CONVERSION = YES;
				CLANG_WARN_OBJC_IMPLICIT_RETAIN_SELF = YES;
				CLANG_WARN_OBJC_LITERAL_CONVERSION = YES;
				CLANG_WARN_OBJC_ROOT_CLASS = YES_ERROR;
				CLANG_WARN_QUOTED_INCLUDE_IN_FRAMEWORK_HEADER = YES;
				CLANG_WARN_RANGE_LOOP_ANALYSIS = YES;
				CLANG_WARN_STRICT_PROTOTYPES = YES;
				CLANG_WARN_SUSPICIOUS_MOVE = YES;
				CLANG_WARN_UNREACHABLE_CODE = YES;
				CLANG_WARN__DUPLICATE_METHOD_MATCH = YES;
				"CODE_SIGN_IDENTITY[sdk=iphoneos*]" = "iPhone Developer";
				COPY_PHASE_STRIP = NO;
				ENABLE_STRICT_OBJC_MSGSEND = YES;
				ENABLE_TESTABILITY = YES;
				"EXCLUDED_ARCHS[sdk=iphonesimulator*]" = i386;
				GCC_C_LANGUAGE_STANDARD = gnu99;
				GCC_DYNAMIC_NO_PIC = NO;
				GCC_NO_COMMON_BLOCKS = YES;
				GCC_OPTIMIZATION_LEVEL = 0;
				GCC_PREPROCESSOR_DEFINITIONS = (
					"DEBUG=1",
					"$(inherited)",
				);
				GCC_SYMBOLS_PRIVATE_EXTERN = NO;
				GCC_WARN_64_TO_32_BIT_CONVERSION = YES;
				GCC_WARN_ABOUT_RETURN_TYPE = YES_ERROR;
				GCC_WARN_UNDECLARED_SELECTOR = YES;
				GCC_WARN_UNINITIALIZED_AUTOS = YES_AGGRESSIVE;
				GCC_WARN_UNUSED_FUNCTION = YES;
				GCC_WARN_UNUSED_VARIABLE = YES;
				IPHONEOS_DEPLOYMENT_TARGET = 13.4;
				LD_RUNPATH_SEARCH_PATHS = (
					/usr/lib/swift,
					"$(inherited)",
				);
				LIBRARY_SEARCH_PATHS = (
					"\"$(SDKROOT)/usr/lib/swift\"",
					"\"$(TOOLCHAIN_DIR)/usr/lib/swift/$(PLATFORM_NAME)\"",
					"\"$(inherited)\"",
				);
				MTL_ENABLE_DEBUG_INFO = YES;
				ONLY_ACTIVE_ARCH = YES;
				OTHER_CFLAGS = "$(inherited)";
				OTHER_CPLUSPLUSFLAGS = (
					"$(OTHER_CFLAGS)",
					"-DFOLLY_NO_CONFIG",
					"-DFOLLY_MOBILE=1",
					"-DFOLLY_USE_LIBCPP=1",
					"-DFOLLY_CFG_NO_COROUTINES=1",
				);
				OTHER_LDFLAGS = (
					"$(inherited)",
					" ",
				);
				REACT_NATIVE_PATH = "${PODS_ROOT}/../../node_modules/react-native";
				SDKROOT = iphoneos;
				USE_HERMES = true;
			};
			name = Debug;
		};
		83CBBA211A601CBA00E9B192 /* Release */ = {
			isa = XCBuildConfiguration;
			buildSettings = {
				ALWAYS_SEARCH_USER_PATHS = NO;
				CLANG_ANALYZER_LOCALIZABILITY_NONLOCALIZED = YES;
				CLANG_CXX_LANGUAGE_STANDARD = "c++20";
				CLANG_CXX_LIBRARY = "libc++";
				CLANG_ENABLE_MODULES = YES;
				CLANG_ENABLE_OBJC_ARC = YES;
				CLANG_WARN_BLOCK_CAPTURE_AUTORELEASING = YES;
				CLANG_WARN_BOOL_CONVERSION = YES;
				CLANG_WARN_COMMA = YES;
				CLANG_WARN_CONSTANT_CONVERSION = YES;
				CLANG_WARN_DEPRECATED_OBJC_IMPLEMENTATIONS = YES;
				CLANG_WARN_DIRECT_OBJC_ISA_USAGE = YES_ERROR;
				CLANG_WARN_EMPTY_BODY = YES;
				CLANG_WARN_ENUM_CONVERSION = YES;
				CLANG_WARN_INFINITE_RECURSION = YES;
				CLANG_WARN_INT_CONVERSION = YES;
				CLANG_WARN_NON_LITERAL_NULL_CONVERSION = YES;
				CLANG_WARN_OBJC_IMPLICIT_RETAIN_SELF = YES;
				CLANG_WARN_OBJC_LITERAL_CONVERSION = YES;
				CLANG_WARN_OBJC_ROOT_CLASS = YES_ERROR;
				CLANG_WARN_QUOTED_INCLUDE_IN_FRAMEWORK_HEADER = YES;
				CLANG_WARN_RANGE_LOOP_ANALYSIS = YES;
				CLANG_WARN_STRICT_PROTOTYPES = YES;
				CLANG_WARN_SUSPICIOUS_MOVE = YES;
				CLANG_WARN_UNREACHABLE_CODE = YES;
				CLANG_WARN__DUPLICATE_METHOD_MATCH = YES;
				"CODE_SIGN_IDENTITY[sdk=iphoneos*]" = "iPhone Developer";
				COPY_PHASE_STRIP = YES;
				ENABLE_NS_ASSERTIONS = NO;
				ENABLE_STRICT_OBJC_MSGSEND = YES;
				"EXCLUDED_ARCHS[sdk=iphonesimulator*]" = i386;
				GCC_C_LANGUAGE_STANDARD = gnu99;
				GCC_NO_COMMON_BLOCKS = YES;
				GCC_WARN_64_TO_32_BIT_CONVERSION = YES;
				GCC_WARN_ABOUT_RETURN_TYPE = YES_ERROR;
				GCC_WARN_UNDECLARED_SELECTOR = YES;
				GCC_WARN_UNINITIALIZED_AUTOS = YES_AGGRESSIVE;
				GCC_WARN_UNUSED_FUNCTION = YES;
				GCC_WARN_UNUSED_VARIABLE = YES;
				IPHONEOS_DEPLOYMENT_TARGET = 13.4;
				LD_RUNPATH_SEARCH_PATHS = (
					/usr/lib/swift,
					"$(inherited)",
				);
				LIBRARY_SEARCH_PATHS = (
					"\"$(SDKROOT)/usr/lib/swift\"",
					"\"$(TOOLCHAIN_DIR)/usr/lib/swift/$(PLATFORM_NAME)\"",
					"\"$(inherited)\"",
				);
				MTL_ENABLE_DEBUG_INFO = NO;
				OTHER_CFLAGS = "$(inherited)";
				OTHER_CPLUSPLUSFLAGS = (
					"$(OTHER_CFLAGS)",
					"-DFOLLY_NO_CONFIG",
					"-DFOLLY_MOBILE=1",
					"-DFOLLY_USE_LIBCPP=1",
					"-DFOLLY_CFG_NO_COROUTINES=1",
				);
				OTHER_LDFLAGS = (
					"$(inherited)",
					" ",
				);
				REACT_NATIVE_PATH = "${PODS_ROOT}/../../node_modules/react-native";
				SDKROOT = iphoneos;
				USE_HERMES = true;
				VALIDATE_PRODUCT = YES;
			};
			name = Release;
		};
/* End XCBuildConfiguration section */

/* Begin XCConfigurationList section */
		00E357021AD99517003FC87E /* Build configuration list for PBXNativeTarget "IoReactNativeWalletExampleTests" */ = {
			isa = XCConfigurationList;
			buildConfigurations = (
				00E356F61AD99517003FC87E /* Debug */,
				00E356F71AD99517003FC87E /* Release */,
			);
			defaultConfigurationIsVisible = 0;
			defaultConfigurationName = Release;
		};
		13B07F931A680F5B00A75B9A /* Build configuration list for PBXNativeTarget "IoReactNativeWalletExample" */ = {
			isa = XCConfigurationList;
			buildConfigurations = (
				13B07F941A680F5B00A75B9A /* Debug */,
				13B07F951A680F5B00A75B9A /* Release */,
			);
			defaultConfigurationIsVisible = 0;
			defaultConfigurationName = Release;
		};
		83CBB9FA1A601CBA00E9B192 /* Build configuration list for PBXProject "IoReactNativeWalletExample" */ = {
			isa = XCConfigurationList;
			buildConfigurations = (
				83CBBA201A601CBA00E9B192 /* Debug */,
				83CBBA211A601CBA00E9B192 /* Release */,
			);
			defaultConfigurationIsVisible = 0;
			defaultConfigurationName = Release;
		};
/* End XCConfigurationList section */
	};
	rootObject = 83CBB9F71A601CBA00E9B192 /* Project object */;
}
