// !$*UTF8*$!
{
	archiveVersion = 1;
	classes = {
	};
	objectVersion = 54;
	objects = {

/* Begin PBXBuildFile section */
		025A2B5B07744D84A055F38E /* ReadexPro-Regular.ttf in Resources */ = {isa = PBXBuildFile; fileRef = E41010E1B8B94185A0100A46 /* ReadexPro-Regular.ttf */; };
		0B807084E4F54EA5B74CD3DB /* RobotoMono-BoldItalic.ttf in Resources */ = {isa = PBXBuildFile; fileRef = 040DDE708A9A4E56BD32C915 /* RobotoMono-BoldItalic.ttf */; };
		0C80B921A6F3F58F76C31292 /* libPods-IoReactNativeWalletExample.a in Frameworks */ = {isa = PBXBuildFile; fileRef = 5DCACB8F33CDC322A6C60F78 /* libPods-IoReactNativeWalletExample.a */; };
		13B07FBF1A68108700A75B9A /* Images.xcassets in Resources */ = {isa = PBXBuildFile; fileRef = 13B07FB51A68108700A75B9A /* Images.xcassets */; };
		1A7DF15B3AA64B2A982B6E32 /* TitilliumSansPro-LightItalic.otf in Resources */ = {isa = PBXBuildFile; fileRef = 309CA7B023954B299C2B076B /* TitilliumSansPro-LightItalic.otf */; };
		1AA2DC90EC944EF39A1D4B4D /* DMMono-OFL.txt in Resources */ = {isa = PBXBuildFile; fileRef = 111005E83D4A40699A5CE57E /* DMMono-OFL.txt */; };
		212446ED7612430AB9AB2130 /* TitilliumSansPro-Black.otf in Resources */ = {isa = PBXBuildFile; fileRef = 7EB039600E1F47C696BC4993 /* TitilliumSansPro-Black.otf */; };
		2EB5861D819C4EAE9C201A57 /* LICENSE.txt in Resources */ = {isa = PBXBuildFile; fileRef = 2892DED14B60473D9B580C48 /* LICENSE.txt */; };
		3E20BC29DE7B4F76A5795027 /* TitilliumSansPro-BoldItalic.otf in Resources */ = {isa = PBXBuildFile; fileRef = 7C924FB0CA364954A5EC2D7C /* TitilliumSansPro-BoldItalic.otf */; };
		5224A988BDE64D2480228D8B /* TitilliumSansPro-Regular.otf in Resources */ = {isa = PBXBuildFile; fileRef = 63CECDD82871463FA94E5B3C /* TitilliumSansPro-Regular.otf */; };
		55DA97AFE8AA475E80210E88 /* TitilliumSansPro-Semibold.otf in Resources */ = {isa = PBXBuildFile; fileRef = 46552F5549674F1CB6FF15B2 /* TitilliumSansPro-Semibold.otf */; };
		6A0FA15BC65D4D0F86D43205 /* RobotoMono-RegularItalic.ttf in Resources */ = {isa = PBXBuildFile; fileRef = 6E57306315E24808B3784FCB /* RobotoMono-RegularItalic.ttf */; };
		6BE8120D96BCEFBCFD13EF07 /* PrivacyInfo.xcprivacy in Resources */ = {isa = PBXBuildFile; fileRef = 7781B11F3C255B9F0D22CA0B /* PrivacyInfo.xcprivacy */; };
		707D4D5169614B8FA917D2F4 /* TitilliumSansPro-Bold.otf in Resources */ = {isa = PBXBuildFile; fileRef = 39A26329B16346ABAD843E13 /* TitilliumSansPro-Bold.otf */; };
		744606EBDD2A4DC18B99DB5A /* TitilliumSansPro-SemiboldItalic.otf in Resources */ = {isa = PBXBuildFile; fileRef = 519C00001FC2425293C57ABD /* TitilliumSansPro-SemiboldItalic.otf */; };
		81AB9BB82411601600AC10FF /* LaunchScreen.storyboard in Resources */ = {isa = PBXBuildFile; fileRef = 81AB9BB72411601600AC10FF /* LaunchScreen.storyboard */; };
		990CE13C2BEA042F009912F6 /* (null) in Resources */ = {isa = PBXBuildFile; };
		A586FAA4781B478B87910C64 /* TitilliumSansPro-ThinItalic.otf in Resources */ = {isa = PBXBuildFile; fileRef = 291A2E9C27654CA1889BA448 /* TitilliumSansPro-ThinItalic.otf */; };
		B29C067A5C8D4DDE945A2CDF /* TitilliumSansPro-BlackItalic.otf in Resources */ = {isa = PBXBuildFile; fileRef = F2548BDA338042D48F4BA351 /* TitilliumSansPro-BlackItalic.otf */; };
		BC81BBE914C142F7B159AF63 /* ReadexPro-OFL.txt in Resources */ = {isa = PBXBuildFile; fileRef = 4683D0B61A504DAFA7737A8A /* ReadexPro-OFL.txt */; };
		CCD72525BF264782B905ABDC /* TitilliumSansPro-Light.otf in Resources */ = {isa = PBXBuildFile; fileRef = A15AE5D91CB34EB0A61D8F25 /* TitilliumSansPro-Light.otf */; };
		DA91CAA70C3B49E1940001FF /* TitilliumSansPro-OFL.txt in Resources */ = {isa = PBXBuildFile; fileRef = EC2D199A60474F2EB4481B1D /* TitilliumSansPro-OFL.txt */; };
		DF9A854F162E46BC88F38167 /* DMMono-Medium.ttf in Resources */ = {isa = PBXBuildFile; fileRef = 82835F2F9B9943C7A6A1A8F0 /* DMMono-Medium.ttf */; };
		EBAA89C4698D4D39BA7F30CD /* RobotoMono-LightItalic.ttf in Resources */ = {isa = PBXBuildFile; fileRef = A8A254B88CF1419AAE829503 /* RobotoMono-LightItalic.ttf */; };
		F6FCB8782E324A6F00C9A13B /* AppDelegate.swift in Sources */ = {isa = PBXBuildFile; fileRef = F6FCB8772E324A6F00C9A13B /* AppDelegate.swift */; };
		F7C0A5EA58C843658AEEEDB3 /* RobotoMono-Light.ttf in Resources */ = {isa = PBXBuildFile; fileRef = B7E60117481E41E9BE216D24 /* RobotoMono-Light.ttf */; };
		F8049A4F777B4DD284FE9DD2 /* TitilliumSansPro-Italic.otf in Resources */ = {isa = PBXBuildFile; fileRef = 93ADA44255B7403ABC12B050 /* TitilliumSansPro-Italic.otf */; };
		FA6A140892434695AC88B32A /* TitilliumSansPro-Thin.otf in Resources */ = {isa = PBXBuildFile; fileRef = 43E6A6E367694585BAE31D00 /* TitilliumSansPro-Thin.otf */; };
		FD68D350727F4AAB8C2A44E1 /* RobotoMono-Regular.ttf in Resources */ = {isa = PBXBuildFile; fileRef = DE355170BFD14939AAA3B74B /* RobotoMono-Regular.ttf */; };
		FDA2349303544D9C9B629534 /* RobotoMono-Bold.ttf in Resources */ = {isa = PBXBuildFile; fileRef = AE390E6723934F8D94A12CE7 /* RobotoMono-Bold.ttf */; };
/* End PBXBuildFile section */

/* Begin PBXContainerItemProxy section */
		00E356F41AD99517003FC87E /* PBXContainerItemProxy */ = {
			isa = PBXContainerItemProxy;
			containerPortal = 83CBB9F71A601CBA00E9B192 /* Project object */;
			proxyType = 1;
			remoteGlobalIDString = 13B07F861A680F5B00A75B9A;
			remoteInfo = IoReactNativeWalletExample;
		};
/* End PBXContainerItemProxy section */

/* Begin PBXFileReference section */
		040DDE708A9A4E56BD32C915 /* RobotoMono-BoldItalic.ttf */ = {isa = PBXFileReference; explicitFileType = undefined; fileEncoding = 9; includeInIndex = 0; lastKnownFileType = unknown; name = "RobotoMono-BoldItalic.ttf"; path = "../assets/fonts/RobotoMono/RobotoMono-BoldItalic.ttf"; sourceTree = "<group>"; };
		111005E83D4A40699A5CE57E /* DMMono-OFL.txt */ = {isa = PBXFileReference; explicitFileType = undefined; fileEncoding = 9; includeInIndex = 0; lastKnownFileType = unknown; name = "DMMono-OFL.txt"; path = "../assets/fonts/DMMono-OFL.txt"; sourceTree = "<group>"; };
		13B07F961A680F5B00A75B9A /* IoReactNativeWalletExample.app */ = {isa = PBXFileReference; explicitFileType = wrapper.application; includeInIndex = 0; path = IoReactNativeWalletExample.app; sourceTree = BUILT_PRODUCTS_DIR; };
		13B07FB51A68108700A75B9A /* Images.xcassets */ = {isa = PBXFileReference; lastKnownFileType = folder.assetcatalog; name = Images.xcassets; path = IoReactNativeWalletExample/Images.xcassets; sourceTree = "<group>"; };
		13B07FB61A68108700A75B9A /* Info.plist */ = {isa = PBXFileReference; fileEncoding = 4; lastKnownFileType = text.plist.xml; name = Info.plist; path = IoReactNativeWalletExample/Info.plist; sourceTree = "<group>"; };
		13B07FB81A68108700A75B9A /* PrivacyInfo.xcprivacy */ = {isa = PBXFileReference; fileEncoding = 4; lastKnownFileType = text.plist.xml; name = PrivacyInfo.xcprivacy; path = IoReactNativeWalletExample/PrivacyInfo.xcprivacy; sourceTree = "<group>"; };
		2892DED14B60473D9B580C48 /* LICENSE.txt */ = {isa = PBXFileReference; explicitFileType = undefined; fileEncoding = 9; includeInIndex = 0; lastKnownFileType = unknown; name = LICENSE.txt; path = ../assets/fonts/RobotoMono/LICENSE.txt; sourceTree = "<group>"; };
		291A2E9C27654CA1889BA448 /* TitilliumSansPro-ThinItalic.otf */ = {isa = PBXFileReference; explicitFileType = undefined; fileEncoding = 9; includeInIndex = 0; lastKnownFileType = unknown; name = "TitilliumSansPro-ThinItalic.otf"; path = "../assets/fonts/TitilliumSansPro/TitilliumSansPro-ThinItalic.otf"; sourceTree = "<group>"; };
		309CA7B023954B299C2B076B /* TitilliumSansPro-LightItalic.otf */ = {isa = PBXFileReference; explicitFileType = undefined; fileEncoding = 9; includeInIndex = 0; lastKnownFileType = unknown; name = "TitilliumSansPro-LightItalic.otf"; path = "../assets/fonts/TitilliumSansPro/TitilliumSansPro-LightItalic.otf"; sourceTree = "<group>"; };
		39A26329B16346ABAD843E13 /* TitilliumSansPro-Bold.otf */ = {isa = PBXFileReference; explicitFileType = undefined; fileEncoding = 9; includeInIndex = 0; lastKnownFileType = unknown; name = "TitilliumSansPro-Bold.otf"; path = "../assets/fonts/TitilliumSansPro/TitilliumSansPro-Bold.otf"; sourceTree = "<group>"; };
		3B4392A12AC88292D35C810B /* Pods-IoReactNativeWalletExample.debug.xcconfig */ = {isa = PBXFileReference; includeInIndex = 1; lastKnownFileType = text.xcconfig; name = "Pods-IoReactNativeWalletExample.debug.xcconfig"; path = "Target Support Files/Pods-IoReactNativeWalletExample/Pods-IoReactNativeWalletExample.debug.xcconfig"; sourceTree = "<group>"; };
		43E6A6E367694585BAE31D00 /* TitilliumSansPro-Thin.otf */ = {isa = PBXFileReference; explicitFileType = undefined; fileEncoding = 9; includeInIndex = 0; lastKnownFileType = unknown; name = "TitilliumSansPro-Thin.otf"; path = "../assets/fonts/TitilliumSansPro/TitilliumSansPro-Thin.otf"; sourceTree = "<group>"; };
		46552F5549674F1CB6FF15B2 /* TitilliumSansPro-Semibold.otf */ = {isa = PBXFileReference; explicitFileType = undefined; fileEncoding = 9; includeInIndex = 0; lastKnownFileType = unknown; name = "TitilliumSansPro-Semibold.otf"; path = "../assets/fonts/TitilliumSansPro/TitilliumSansPro-Semibold.otf"; sourceTree = "<group>"; };
		4683D0B61A504DAFA7737A8A /* ReadexPro-OFL.txt */ = {isa = PBXFileReference; explicitFileType = undefined; fileEncoding = 9; includeInIndex = 0; lastKnownFileType = unknown; name = "ReadexPro-OFL.txt"; path = "../assets/fonts/ReadexPro-OFL.txt"; sourceTree = "<group>"; };
		519C00001FC2425293C57ABD /* TitilliumSansPro-SemiboldItalic.otf */ = {isa = PBXFileReference; explicitFileType = undefined; fileEncoding = 9; includeInIndex = 0; lastKnownFileType = unknown; name = "TitilliumSansPro-SemiboldItalic.otf"; path = "../assets/fonts/TitilliumSansPro/TitilliumSansPro-SemiboldItalic.otf"; sourceTree = "<group>"; };
		5709B34CF0A7D63546082F79 /* Pods-IoReactNativeWalletExample.release.xcconfig */ = {isa = PBXFileReference; includeInIndex = 1; lastKnownFileType = text.xcconfig; name = "Pods-IoReactNativeWalletExample.release.xcconfig"; path = "Target Support Files/Pods-IoReactNativeWalletExample/Pods-IoReactNativeWalletExample.release.xcconfig"; sourceTree = "<group>"; };
		5DCACB8F33CDC322A6C60F78 /* libPods-IoReactNativeWalletExample.a */ = {isa = PBXFileReference; explicitFileType = archive.ar; includeInIndex = 0; path = "libPods-IoReactNativeWalletExample.a"; sourceTree = BUILT_PRODUCTS_DIR; };
		63CECDD82871463FA94E5B3C /* TitilliumSansPro-Regular.otf */ = {isa = PBXFileReference; explicitFileType = undefined; fileEncoding = 9; includeInIndex = 0; lastKnownFileType = unknown; name = "TitilliumSansPro-Regular.otf"; path = "../assets/fonts/TitilliumSansPro/TitilliumSansPro-Regular.otf"; sourceTree = "<group>"; };
		6E57306315E24808B3784FCB /* RobotoMono-RegularItalic.ttf */ = {isa = PBXFileReference; explicitFileType = undefined; fileEncoding = 9; includeInIndex = 0; lastKnownFileType = unknown; name = "RobotoMono-RegularItalic.ttf"; path = "../assets/fonts/RobotoMono/RobotoMono-RegularItalic.ttf"; sourceTree = "<group>"; };
		7781B11F3C255B9F0D22CA0B /* PrivacyInfo.xcprivacy */ = {isa = PBXFileReference; includeInIndex = 1; lastKnownFileType = text.xml; name = PrivacyInfo.xcprivacy; path = IoReactNativeWalletExample/PrivacyInfo.xcprivacy; sourceTree = "<group>"; };
		7C924FB0CA364954A5EC2D7C /* TitilliumSansPro-BoldItalic.otf */ = {isa = PBXFileReference; explicitFileType = undefined; fileEncoding = 9; includeInIndex = 0; lastKnownFileType = unknown; name = "TitilliumSansPro-BoldItalic.otf"; path = "../assets/fonts/TitilliumSansPro/TitilliumSansPro-BoldItalic.otf"; sourceTree = "<group>"; };
		7EB039600E1F47C696BC4993 /* TitilliumSansPro-Black.otf */ = {isa = PBXFileReference; explicitFileType = undefined; fileEncoding = 9; includeInIndex = 0; lastKnownFileType = unknown; name = "TitilliumSansPro-Black.otf"; path = "../assets/fonts/TitilliumSansPro/TitilliumSansPro-Black.otf"; sourceTree = "<group>"; };
		81AB9BB72411601600AC10FF /* LaunchScreen.storyboard */ = {isa = PBXFileReference; fileEncoding = 4; lastKnownFileType = file.storyboard; name = LaunchScreen.storyboard; path = IoReactNativeWalletExample/LaunchScreen.storyboard; sourceTree = "<group>"; };
		82835F2F9B9943C7A6A1A8F0 /* DMMono-Medium.ttf */ = {isa = PBXFileReference; explicitFileType = undefined; fileEncoding = 9; includeInIndex = 0; lastKnownFileType = unknown; name = "DMMono-Medium.ttf"; path = "../assets/fonts/DMMono/DMMono-Medium.ttf"; sourceTree = "<group>"; };
		93ADA44255B7403ABC12B050 /* TitilliumSansPro-Italic.otf */ = {isa = PBXFileReference; explicitFileType = undefined; fileEncoding = 9; includeInIndex = 0; lastKnownFileType = unknown; name = "TitilliumSansPro-Italic.otf"; path = "../assets/fonts/TitilliumSansPro/TitilliumSansPro-Italic.otf"; sourceTree = "<group>"; };
		A15AE5D91CB34EB0A61D8F25 /* TitilliumSansPro-Light.otf */ = {isa = PBXFileReference; explicitFileType = undefined; fileEncoding = 9; includeInIndex = 0; lastKnownFileType = unknown; name = "TitilliumSansPro-Light.otf"; path = "../assets/fonts/TitilliumSansPro/TitilliumSansPro-Light.otf"; sourceTree = "<group>"; };
		A8A254B88CF1419AAE829503 /* RobotoMono-LightItalic.ttf */ = {isa = PBXFileReference; explicitFileType = undefined; fileEncoding = 9; includeInIndex = 0; lastKnownFileType = unknown; name = "RobotoMono-LightItalic.ttf"; path = "../assets/fonts/RobotoMono/RobotoMono-LightItalic.ttf"; sourceTree = "<group>"; };
		AE390E6723934F8D94A12CE7 /* RobotoMono-Bold.ttf */ = {isa = PBXFileReference; explicitFileType = undefined; fileEncoding = 9; includeInIndex = 0; lastKnownFileType = unknown; name = "RobotoMono-Bold.ttf"; path = "../assets/fonts/RobotoMono/RobotoMono-Bold.ttf"; sourceTree = "<group>"; };
		B7E60117481E41E9BE216D24 /* RobotoMono-Light.ttf */ = {isa = PBXFileReference; explicitFileType = undefined; fileEncoding = 9; includeInIndex = 0; lastKnownFileType = unknown; name = "RobotoMono-Light.ttf"; path = "../assets/fonts/RobotoMono/RobotoMono-Light.ttf"; sourceTree = "<group>"; };
		BCF79CDE2C3D2AD800D4948E /* IoReactNativeWalletExample.entitlements */ = {isa = PBXFileReference; lastKnownFileType = text.plist.entitlements; name = IoReactNativeWalletExample.entitlements; path = IoReactNativeWalletExample/IoReactNativeWalletExample.entitlements; sourceTree = "<group>"; };
		DE355170BFD14939AAA3B74B /* RobotoMono-Regular.ttf */ = {isa = PBXFileReference; explicitFileType = undefined; fileEncoding = 9; includeInIndex = 0; lastKnownFileType = unknown; name = "RobotoMono-Regular.ttf"; path = "../assets/fonts/RobotoMono/RobotoMono-Regular.ttf"; sourceTree = "<group>"; };
		E41010E1B8B94185A0100A46 /* ReadexPro-Regular.ttf */ = {isa = PBXFileReference; explicitFileType = undefined; fileEncoding = 9; includeInIndex = 0; lastKnownFileType = unknown; name = "ReadexPro-Regular.ttf"; path = "../assets/fonts/ReadexPro/ReadexPro-Regular.ttf"; sourceTree = "<group>"; };
		EC2D199A60474F2EB4481B1D /* TitilliumSansPro-OFL.txt */ = {isa = PBXFileReference; explicitFileType = undefined; fileEncoding = 9; includeInIndex = 0; lastKnownFileType = unknown; name = "TitilliumSansPro-OFL.txt"; path = "../assets/fonts/TitilliumSansPro-OFL.txt"; sourceTree = "<group>"; };
		ED297162215061F000B7C4FE /* JavaScriptCore.framework */ = {isa = PBXFileReference; lastKnownFileType = wrapper.framework; name = JavaScriptCore.framework; path = System/Library/Frameworks/JavaScriptCore.framework; sourceTree = SDKROOT; };
		F2548BDA338042D48F4BA351 /* TitilliumSansPro-BlackItalic.otf */ = {isa = PBXFileReference; explicitFileType = undefined; fileEncoding = 9; includeInIndex = 0; lastKnownFileType = unknown; name = "TitilliumSansPro-BlackItalic.otf"; path = "../assets/fonts/TitilliumSansPro/TitilliumSansPro-BlackItalic.otf"; sourceTree = "<group>"; };
		F6FCB8742E324A2900C9A13B /* IoReactNativeWalletExampleTests.xctest */ = {isa = PBXFileReference; explicitFileType = wrapper.cfbundle; includeInIndex = 0; path = IoReactNativeWalletExampleTests.xctest; sourceTree = BUILT_PRODUCTS_DIR; };
		F6FCB8772E324A6F00C9A13B /* AppDelegate.swift */ = {isa = PBXFileReference; lastKnownFileType = sourcecode.swift; name = AppDelegate.swift; path = IoReactNativeWalletExample/AppDelegate.swift; sourceTree = "<group>"; };
/* End PBXFileReference section */

/* Begin PBXFrameworksBuildPhase section */
		00E356EB1AD99517003FC87E /* Frameworks */ = {
			isa = PBXFrameworksBuildPhase;
			buildActionMask = 2147483647;
			files = (
			);
			runOnlyForDeploymentPostprocessing = 0;
		};
		13B07F8C1A680F5B00A75B9A /* Frameworks */ = {
			isa = PBXFrameworksBuildPhase;
			buildActionMask = 2147483647;
			files = (
				0C80B921A6F3F58F76C31292 /* libPods-IoReactNativeWalletExample.a in Frameworks */,
			);
			runOnlyForDeploymentPostprocessing = 0;
		};
/* End PBXFrameworksBuildPhase section */

/* Begin PBXGroup section */
		13B07FAE1A68108700A75B9A /* IoReactNativeWalletExample */ = {
			isa = PBXGroup;
			children = (
				BCF79CDE2C3D2AD800D4948E /* IoReactNativeWalletExample.entitlements */,
				13B07FB51A68108700A75B9A /* Images.xcassets */,
				13B07FB61A68108700A75B9A /* Info.plist */,
				81AB9BB72411601600AC10FF /* LaunchScreen.storyboard */,
				13B07FB81A68108700A75B9A /* PrivacyInfo.xcprivacy */,
				7781B11F3C255B9F0D22CA0B /* PrivacyInfo.xcprivacy */,
				F6FCB8772E324A6F00C9A13B /* AppDelegate.swift */,
			);
			name = IoReactNativeWalletExample;
			sourceTree = "<group>";
		};
		2D16E6871FA4F8E400B85C8A /* Frameworks */ = {
			isa = PBXGroup;
			children = (
				ED297162215061F000B7C4FE /* JavaScriptCore.framework */,
				5DCACB8F33CDC322A6C60F78 /* libPods-IoReactNativeWalletExample.a */,
			);
			name = Frameworks;
			sourceTree = "<group>";
		};
		6836B12F379E4AD6970C2FA7 /* Resources */ = {
			isa = PBXGroup;
			children = (
				7EB039600E1F47C696BC4993 /* TitilliumSansPro-Black.otf */,
				F2548BDA338042D48F4BA351 /* TitilliumSansPro-BlackItalic.otf */,
				39A26329B16346ABAD843E13 /* TitilliumSansPro-Bold.otf */,
				7C924FB0CA364954A5EC2D7C /* TitilliumSansPro-BoldItalic.otf */,
				93ADA44255B7403ABC12B050 /* TitilliumSansPro-Italic.otf */,
				A15AE5D91CB34EB0A61D8F25 /* TitilliumSansPro-Light.otf */,
				309CA7B023954B299C2B076B /* TitilliumSansPro-LightItalic.otf */,
				63CECDD82871463FA94E5B3C /* TitilliumSansPro-Regular.otf */,
				46552F5549674F1CB6FF15B2 /* TitilliumSansPro-Semibold.otf */,
				519C00001FC2425293C57ABD /* TitilliumSansPro-SemiboldItalic.otf */,
				43E6A6E367694585BAE31D00 /* TitilliumSansPro-Thin.otf */,
				291A2E9C27654CA1889BA448 /* TitilliumSansPro-ThinItalic.otf */,
				82835F2F9B9943C7A6A1A8F0 /* DMMono-Medium.ttf */,
				E41010E1B8B94185A0100A46 /* ReadexPro-Regular.ttf */,
				AE390E6723934F8D94A12CE7 /* RobotoMono-Bold.ttf */,
				040DDE708A9A4E56BD32C915 /* RobotoMono-BoldItalic.ttf */,
				B7E60117481E41E9BE216D24 /* RobotoMono-Light.ttf */,
				A8A254B88CF1419AAE829503 /* RobotoMono-LightItalic.ttf */,
				DE355170BFD14939AAA3B74B /* RobotoMono-Regular.ttf */,
				6E57306315E24808B3784FCB /* RobotoMono-RegularItalic.ttf */,
				111005E83D4A40699A5CE57E /* DMMono-OFL.txt */,
				4683D0B61A504DAFA7737A8A /* ReadexPro-OFL.txt */,
				2892DED14B60473D9B580C48 /* LICENSE.txt */,
				EC2D199A60474F2EB4481B1D /* TitilliumSansPro-OFL.txt */,
			);
			name = Resources;
			sourceTree = "<group>";
		};
		832341AE1AAA6A7D00B99B32 /* Libraries */ = {
			isa = PBXGroup;
			children = (
			);
			name = Libraries;
			sourceTree = "<group>";
		};
		83CBB9F61A601CBA00E9B192 = {
			isa = PBXGroup;
			children = (
				13B07FAE1A68108700A75B9A /* IoReactNativeWalletExample */,
				832341AE1AAA6A7D00B99B32 /* Libraries */,
				83CBBA001A601CBA00E9B192 /* Products */,
				2D16E6871FA4F8E400B85C8A /* Frameworks */,
				BBD78D7AC51CEA395F1C20DB /* Pods */,
				6836B12F379E4AD6970C2FA7 /* Resources */,
			);
			indentWidth = 2;
			sourceTree = "<group>";
			tabWidth = 2;
			usesTabs = 0;
		};
		83CBBA001A601CBA00E9B192 /* Products */ = {
			isa = PBXGroup;
			children = (
				13B07F961A680F5B00A75B9A /* IoReactNativeWalletExample.app */,
				F6FCB8742E324A2900C9A13B /* IoReactNativeWalletExampleTests.xctest */,
			);
			name = Products;
			sourceTree = "<group>";
		};
		BBD78D7AC51CEA395F1C20DB /* Pods */ = {
			isa = PBXGroup;
			children = (
				3B4392A12AC88292D35C810B /* Pods-IoReactNativeWalletExample.debug.xcconfig */,
				5709B34CF0A7D63546082F79 /* Pods-IoReactNativeWalletExample.release.xcconfig */,
			);
			path = Pods;
			sourceTree = "<group>";
		};
/* End PBXGroup section */

/* Begin PBXNativeTarget section */
		00E356ED1AD99517003FC87E /* IoReactNativeWalletExampleTests */ = {
			isa = PBXNativeTarget;
			buildConfigurationList = 00E357021AD99517003FC87E /* Build configuration list for PBXNativeTarget "IoReactNativeWalletExampleTests" */;
			buildPhases = (
				00E356EA1AD99517003FC87E /* Sources */,
				00E356EB1AD99517003FC87E /* Frameworks */,
				00E356EC1AD99517003FC87E /* Resources */,
			);
			buildRules = (
			);
			dependencies = (
				00E356F51AD99517003FC87E /* PBXTargetDependency */,
			);
			name = IoReactNativeWalletExampleTests;
			productName = IoReactNativeWalletExampleTests;
			productReference = F6FCB8742E324A2900C9A13B /* IoReactNativeWalletExampleTests.xctest */;
			productType = "com.apple.product-type.bundle.unit-test";
		};
		13B07F861A680F5B00A75B9A /* IoReactNativeWalletExample */ = {
			isa = PBXNativeTarget;
			buildConfigurationList = 13B07F931A680F5B00A75B9A /* Build configuration list for PBXNativeTarget "IoReactNativeWalletExample" */;
			buildPhases = (
				C38B50BA6285516D6DCD4F65 /* [CP] Check Pods Manifest.lock */,
				13B07F871A680F5B00A75B9A /* Sources */,
				13B07F8C1A680F5B00A75B9A /* Frameworks */,
				13B07F8E1A680F5B00A75B9A /* Resources */,
				00DD1BFF1BD5951E006B06BC /* Bundle React Native code and images */,
				00EEFC60759A1932668264C0 /* [CP] Embed Pods Frameworks */,
				E235C05ADACE081382539298 /* [CP] Copy Pods Resources */,
			);
			buildRules = (
			);
			dependencies = (
			);
			name = IoReactNativeWalletExample;
			productName = IoReactNativeWalletExample;
			productReference = 13B07F961A680F5B00A75B9A /* IoReactNativeWalletExample.app */;
			productType = "com.apple.product-type.application";
		};
/* End PBXNativeTarget section */

/* Begin PBXProject section */
		83CBB9F71A601CBA00E9B192 /* Project object */ = {
			isa = PBXProject;
			attributes = {
				LastUpgradeCheck = 1210;
				TargetAttributes = {
					00E356ED1AD99517003FC87E = {
						CreatedOnToolsVersion = 6.2;
						TestTargetID = 13B07F861A680F5B00A75B9A;
					};
					13B07F861A680F5B00A75B9A = {
						LastSwiftMigration = 1640;
					};
				};
			};
			buildConfigurationList = 83CBB9FA1A601CBA00E9B192 /* Build configuration list for PBXProject "IoReactNativeWalletExample" */;
			compatibilityVersion = "Xcode 12.0";
			developmentRegion = en;
			hasScannedForEncodings = 0;
			knownRegions = (
				en,
				Base,
			);
			mainGroup = 83CBB9F61A601CBA00E9B192;
			productRefGroup = 83CBBA001A601CBA00E9B192 /* Products */;
			projectDirPath = "";
			projectRoot = "";
			targets = (
				13B07F861A680F5B00A75B9A /* IoReactNativeWalletExample */,
				00E356ED1AD99517003FC87E /* IoReactNativeWalletExampleTests */,
			);
		};
/* End PBXProject section */

/* Begin PBXResourcesBuildPhase section */
		00E356EC1AD99517003FC87E /* Resources */ = {
			isa = PBXResourcesBuildPhase;
			buildActionMask = 2147483647;
			files = (
			);
			runOnlyForDeploymentPostprocessing = 0;
		};
		13B07F8E1A680F5B00A75B9A /* Resources */ = {
			isa = PBXResourcesBuildPhase;
			buildActionMask = 2147483647;
			files = (
				990CE13C2BEA042F009912F6 /* (null) in Resources */,
				81AB9BB82411601600AC10FF /* LaunchScreen.storyboard in Resources */,
				13B07FBF1A68108700A75B9A /* Images.xcassets in Resources */,
				212446ED7612430AB9AB2130 /* TitilliumSansPro-Black.otf in Resources */,
				B29C067A5C8D4DDE945A2CDF /* TitilliumSansPro-BlackItalic.otf in Resources */,
				707D4D5169614B8FA917D2F4 /* TitilliumSansPro-Bold.otf in Resources */,
				3E20BC29DE7B4F76A5795027 /* TitilliumSansPro-BoldItalic.otf in Resources */,
				F8049A4F777B4DD284FE9DD2 /* TitilliumSansPro-Italic.otf in Resources */,
				CCD72525BF264782B905ABDC /* TitilliumSansPro-Light.otf in Resources */,
				1A7DF15B3AA64B2A982B6E32 /* TitilliumSansPro-LightItalic.otf in Resources */,
				5224A988BDE64D2480228D8B /* TitilliumSansPro-Regular.otf in Resources */,
				55DA97AFE8AA475E80210E88 /* TitilliumSansPro-Semibold.otf in Resources */,
				744606EBDD2A4DC18B99DB5A /* TitilliumSansPro-SemiboldItalic.otf in Resources */,
				FA6A140892434695AC88B32A /* TitilliumSansPro-Thin.otf in Resources */,
				A586FAA4781B478B87910C64 /* TitilliumSansPro-ThinItalic.otf in Resources */,
				DF9A854F162E46BC88F38167 /* DMMono-Medium.ttf in Resources */,
				025A2B5B07744D84A055F38E /* ReadexPro-Regular.ttf in Resources */,
				FDA2349303544D9C9B629534 /* RobotoMono-Bold.ttf in Resources */,
				0B807084E4F54EA5B74CD3DB /* RobotoMono-BoldItalic.ttf in Resources */,
				F7C0A5EA58C843658AEEEDB3 /* RobotoMono-Light.ttf in Resources */,
				EBAA89C4698D4D39BA7F30CD /* RobotoMono-LightItalic.ttf in Resources */,
				FD68D350727F4AAB8C2A44E1 /* RobotoMono-Regular.ttf in Resources */,
				6A0FA15BC65D4D0F86D43205 /* RobotoMono-RegularItalic.ttf in Resources */,
				1AA2DC90EC944EF39A1D4B4D /* DMMono-OFL.txt in Resources */,
				BC81BBE914C142F7B159AF63 /* ReadexPro-OFL.txt in Resources */,
				2EB5861D819C4EAE9C201A57 /* LICENSE.txt in Resources */,
				DA91CAA70C3B49E1940001FF /* TitilliumSansPro-OFL.txt in Resources */,
				6BE8120D96BCEFBCFD13EF07 /* PrivacyInfo.xcprivacy in Resources */,
			);
			runOnlyForDeploymentPostprocessing = 0;
		};
/* End PBXResourcesBuildPhase section */

/* Begin PBXShellScriptBuildPhase section */
		00DD1BFF1BD5951E006B06BC /* Bundle React Native code and images */ = {
			isa = PBXShellScriptBuildPhase;
			buildActionMask = 2147483647;
			files = (
			);
			inputPaths = (
				"$(SRCROOT)/.xcode.env.local",
				"$(SRCROOT)/.xcode.env",
			);
			name = "Bundle React Native code and images";
			outputPaths = (
			);
			runOnlyForDeploymentPostprocessing = 0;
			shellPath = /bin/sh;
			shellScript = "set -e\n\nWITH_ENVIRONMENT=\"$REACT_NATIVE_PATH/scripts/xcode/with-environment.sh\"\nREACT_NATIVE_XCODE=\"$REACT_NATIVE_PATH/scripts/react-native-xcode.sh\"\n\n/bin/sh -c \"$WITH_ENVIRONMENT $REACT_NATIVE_XCODE\"\n";
		};
		00EEFC60759A1932668264C0 /* [CP] Embed Pods Frameworks */ = {
			isa = PBXShellScriptBuildPhase;
			buildActionMask = 2147483647;
			files = (
			);
			inputFileListPaths = (
				"${PODS_ROOT}/Target Support Files/Pods-IoReactNativeWalletExample/Pods-IoReactNativeWalletExample-frameworks-${CONFIGURATION}-input-files.xcfilelist",
			);
			inputPaths = (
			);
			name = "[CP] Embed Pods Frameworks";
			outputFileListPaths = (
				"${PODS_ROOT}/Target Support Files/Pods-IoReactNativeWalletExample/Pods-IoReactNativeWalletExample-frameworks-${CONFIGURATION}-output-files.xcfilelist",
			);
			outputPaths = (
			);
			runOnlyForDeploymentPostprocessing = 0;
			shellPath = /bin/sh;
			shellScript = "\"${PODS_ROOT}/Target Support Files/Pods-IoReactNativeWalletExample/Pods-IoReactNativeWalletExample-frameworks.sh\"\n";
			showEnvVarsInLog = 0;
		};
		C38B50BA6285516D6DCD4F65 /* [CP] Check Pods Manifest.lock */ = {
			isa = PBXShellScriptBuildPhase;
			buildActionMask = 2147483647;
			files = (
			);
			inputFileListPaths = (
			);
			inputPaths = (
				"${PODS_PODFILE_DIR_PATH}/Podfile.lock",
				"${PODS_ROOT}/Manifest.lock",
			);
			name = "[CP] Check Pods Manifest.lock";
			outputFileListPaths = (
			);
			outputPaths = (
				"$(DERIVED_FILE_DIR)/Pods-IoReactNativeWalletExample-checkManifestLockResult.txt",
			);
			runOnlyForDeploymentPostprocessing = 0;
			shellPath = /bin/sh;
			shellScript = "diff \"${PODS_PODFILE_DIR_PATH}/Podfile.lock\" \"${PODS_ROOT}/Manifest.lock\" > /dev/null\nif [ $? != 0 ] ; then\n    # print error to STDERR\n    echo \"error: The sandbox is not in sync with the Podfile.lock. Run 'pod install' or update your CocoaPods installation.\" >&2\n    exit 1\nfi\n# This output is used by Xcode 'outputs' to avoid re-running this script phase.\necho \"SUCCESS\" > \"${SCRIPT_OUTPUT_FILE_0}\"\n";
			showEnvVarsInLog = 0;
		};
		E235C05ADACE081382539298 /* [CP] Copy Pods Resources */ = {
			isa = PBXShellScriptBuildPhase;
			buildActionMask = 2147483647;
			files = (
			);
			inputFileListPaths = (
				"${PODS_ROOT}/Target Support Files/Pods-IoReactNativeWalletExample/Pods-IoReactNativeWalletExample-resources-${CONFIGURATION}-input-files.xcfilelist",
			);
			inputPaths = (
			);
			name = "[CP] Copy Pods Resources";
			outputFileListPaths = (
				"${PODS_ROOT}/Target Support Files/Pods-IoReactNativeWalletExample/Pods-IoReactNativeWalletExample-resources-${CONFIGURATION}-output-files.xcfilelist",
			);
			outputPaths = (
			);
			runOnlyForDeploymentPostprocessing = 0;
			shellPath = /bin/sh;
			shellScript = "\"${PODS_ROOT}/Target Support Files/Pods-IoReactNativeWalletExample/Pods-IoReactNativeWalletExample-resources.sh\"\n";
			showEnvVarsInLog = 0;
		};
/* End PBXShellScriptBuildPhase section */

/* Begin PBXSourcesBuildPhase section */
		00E356EA1AD99517003FC87E /* Sources */ = {
			isa = PBXSourcesBuildPhase;
			buildActionMask = 2147483647;
			files = (
			);
			runOnlyForDeploymentPostprocessing = 0;
		};
		13B07F871A680F5B00A75B9A /* Sources */ = {
			isa = PBXSourcesBuildPhase;
			buildActionMask = 2147483647;
			files = (
				F6FCB8782E324A6F00C9A13B /* AppDelegate.swift in Sources */,
			);
			runOnlyForDeploymentPostprocessing = 0;
		};
/* End PBXSourcesBuildPhase section */

/* Begin PBXTargetDependency section */
		00E356F51AD99517003FC87E /* PBXTargetDependency */ = {
			isa = PBXTargetDependency;
			target = 13B07F861A680F5B00A75B9A /* IoReactNativeWalletExample */;
			targetProxy = 00E356F41AD99517003FC87E /* PBXContainerItemProxy */;
		};
/* End PBXTargetDependency section */

/* Begin XCBuildConfiguration section */
		00E356F61AD99517003FC87E /* Debug */ = {
			isa = XCBuildConfiguration;
			buildSettings = {
				BUNDLE_LOADER = "$(TEST_HOST)";
				DEVELOPMENT_TEAM = M2X5YQ4BJ7;
				GCC_PREPROCESSOR_DEFINITIONS = (
					"DEBUG=1",
					"$(inherited)",
				);
				INFOPLIST_FILE = IoReactNativeWalletExampleTests/Info.plist;
				IPHONEOS_DEPLOYMENT_TARGET = 13.4;
				LD_RUNPATH_SEARCH_PATHS = (
					"$(inherited)",
					"@executable_path/Frameworks",
					"@loader_path/Frameworks",
				);
				OTHER_LDFLAGS = (
					"-ObjC",
					"-lc++",
					"$(inherited)",
				);
				PRODUCT_BUNDLE_IDENTIFIER = it.pagopa.app.io.poc.itwallet;
				PRODUCT_NAME = "$(TARGET_NAME)";
				TEST_HOST = "$(BUILT_PRODUCTS_DIR)/IoReactNativeWalletExample.app/IoReactNativeWalletExample";
			};
			name = Debug;
		};
		00E356F71AD99517003FC87E /* Release */ = {
			isa = XCBuildConfiguration;
			buildSettings = {
				BUNDLE_LOADER = "$(TEST_HOST)";
				COPY_PHASE_STRIP = NO;
				DEVELOPMENT_TEAM = M2X5YQ4BJ7;
				INFOPLIST_FILE = IoReactNativeWalletExampleTests/Info.plist;
				IPHONEOS_DEPLOYMENT_TARGET = 13.4;
				LD_RUNPATH_SEARCH_PATHS = (
					"$(inherited)",
					"@executable_path/Frameworks",
					"@loader_path/Frameworks",
				);
				OTHER_LDFLAGS = (
					"-ObjC",
					"-lc++",
					"$(inherited)",
				);
				PRODUCT_BUNDLE_IDENTIFIER = it.pagopa.app.io.poc.itwallet;
				PRODUCT_NAME = "$(TARGET_NAME)";
				TEST_HOST = "$(BUILT_PRODUCTS_DIR)/IoReactNativeWalletExample.app/IoReactNativeWalletExample";
			};
			name = Release;
		};
		13B07F941A680F5B00A75B9A /* Debug */ = {
			isa = XCBuildConfiguration;
			baseConfigurationReference = 3B4392A12AC88292D35C810B /* Pods-IoReactNativeWalletExample.debug.xcconfig */;
			buildSettings = {
				ASSETCATALOG_COMPILER_APPICON_NAME = AppIcon;
				CLANG_ENABLE_MODULES = YES;
				CODE_SIGN_ENTITLEMENTS = IoReactNativeWalletExample/IoReactNativeWalletExample.entitlements;
				CURRENT_PROJECT_VERSION = 1;
				DEVELOPMENT_TEAM = M2X5YQ4BJ7;
				ENABLE_BITCODE = NO;
				INFOPLIST_FILE = IoReactNativeWalletExample/Info.plist;
				LD_RUNPATH_SEARCH_PATHS = (
					"$(inherited)",
					"@executable_path/Frameworks",
				);
				MARKETING_VERSION = 1.0;
				OTHER_LDFLAGS = (
					"$(inherited)",
					"-ObjC",
					"-lc++",
				);
				PRODUCT_BUNDLE_IDENTIFIER = it.pagopa.app.io.poc.itwallet;
				PRODUCT_NAME = IoReactNativeWalletExample;
				SWIFT_OPTIMIZATION_LEVEL = "-Onone";
				SWIFT_VERSION = 5.0;
				VERSIONING_SYSTEM = "apple-generic";
			};
			name = Debug;
		};
		13B07F951A680F5B00A75B9A /* Release */ = {
			isa = XCBuildConfiguration;
			baseConfigurationReference = 5709B34CF0A7D63546082F79 /* Pods-IoReactNativeWalletExample.release.xcconfig */;
			buildSettings = {
				ASSETCATALOG_COMPILER_APPICON_NAME = AppIcon;
				CLANG_ENABLE_MODULES = YES;
				CODE_SIGN_ENTITLEMENTS = IoReactNativeWalletExample/IoReactNativeWalletExample.entitlements;
				CURRENT_PROJECT_VERSION = 1;
				DEVELOPMENT_TEAM = M2X5YQ4BJ7;
				INFOPLIST_FILE = IoReactNativeWalletExample/Info.plist;
				LD_RUNPATH_SEARCH_PATHS = (
					"$(inherited)",
					"@executable_path/Frameworks",
				);
				MARKETING_VERSION = 1.0;
				OTHER_LDFLAGS = (
					"$(inherited)",
					"-ObjC",
					"-lc++",
				);
				PRODUCT_BUNDLE_IDENTIFIER = it.pagopa.app.io.poc.itwallet;
				PRODUCT_NAME = IoReactNativeWalletExample;
				SWIFT_VERSION = 5.0;
				VERSIONING_SYSTEM = "apple-generic";
			};
			name = Release;
		};
		83CBBA201A601CBA00E9B192 /* Debug */ = {
			isa = XCBuildConfiguration;
			buildSettings = {
				ALWAYS_SEARCH_USER_PATHS = NO;
				CC = "";
				CLANG_ANALYZER_LOCALIZABILITY_NONLOCALIZED = YES;
				CLANG_CXX_LANGUAGE_STANDARD = "c++20";
				CLANG_CXX_LIBRARY = "libc++";
				CLANG_ENABLE_MODULES = YES;
				CLANG_ENABLE_OBJC_ARC = YES;
				CLANG_WARN_BLOCK_CAPTURE_AUTORELEASING = YES;
				CLANG_WARN_BOOL_CONVERSION = YES;
				CLANG_WARN_COMMA = YES;
				CLANG_WARN_CONSTANT_CONVERSION = YES;
				CLANG_WARN_DEPRECATED_OBJC_IMPLEMENTATIONS = YES;
				CLANG_WARN_DIRECT_OBJC_ISA_USAGE = YES_ERROR;
				CLANG_WARN_EMPTY_BODY = YES;
				CLANG_WARN_ENUM_CONVERSION = YES;
				CLANG_WARN_INFINITE_RECURSION = YES;
				CLANG_WARN_INT_CONVERSION = YES;
				CLANG_WARN_NON_LITERAL_NULL_CONVERSION = YES;
				CLANG_WARN_OBJC_IMPLICIT_RETAIN_SELF = YES;
				CLANG_WARN_OBJC_LITERAL_CONVERSION = YES;
				CLANG_WARN_OBJC_ROOT_CLASS = YES_ERROR;
				CLANG_WARN_QUOTED_INCLUDE_IN_FRAMEWORK_HEADER = YES;
				CLANG_WARN_RANGE_LOOP_ANALYSIS = YES;
				CLANG_WARN_STRICT_PROTOTYPES = YES;
				CLANG_WARN_SUSPICIOUS_MOVE = YES;
				CLANG_WARN_UNREACHABLE_CODE = YES;
				CLANG_WARN__DUPLICATE_METHOD_MATCH = YES;
				"CODE_SIGN_IDENTITY[sdk=iphoneos*]" = "iPhone Developer";
				COPY_PHASE_STRIP = NO;
				CXX = "";
				ENABLE_STRICT_OBJC_MSGSEND = YES;
				ENABLE_TESTABILITY = YES;
				"EXCLUDED_ARCHS[sdk=iphonesimulator*]" = i386;
				GCC_C_LANGUAGE_STANDARD = gnu99;
				GCC_DYNAMIC_NO_PIC = NO;
				GCC_NO_COMMON_BLOCKS = YES;
				GCC_OPTIMIZATION_LEVEL = 0;
				GCC_PREPROCESSOR_DEFINITIONS = (
					"DEBUG=1",
					"$(inherited)",
					_LIBCPP_ENABLE_CXX17_REMOVED_UNARY_BINARY_FUNCTION,
				);
				GCC_SYMBOLS_PRIVATE_EXTERN = NO;
				GCC_WARN_64_TO_32_BIT_CONVERSION = YES;
				GCC_WARN_ABOUT_RETURN_TYPE = YES_ERROR;
				GCC_WARN_UNDECLARED_SELECTOR = YES;
				GCC_WARN_UNINITIALIZED_AUTOS = YES_AGGRESSIVE;
				GCC_WARN_UNUSED_FUNCTION = YES;
				GCC_WARN_UNUSED_VARIABLE = YES;
				IPHONEOS_DEPLOYMENT_TARGET = 13.4;
				LD = "";
				LDPLUSPLUS = "";
				LD_RUNPATH_SEARCH_PATHS = (
					/usr/lib/swift,
					"$(inherited)",
				);
				LIBRARY_SEARCH_PATHS = (
					"\"$(SDKROOT)/usr/lib/swift\"",
					"\"$(TOOLCHAIN_DIR)/usr/lib/swift/$(PLATFORM_NAME)\"",
					"\"$(inherited)\"",
				);
				MTL_ENABLE_DEBUG_INFO = YES;
				ONLY_ACTIVE_ARCH = YES;
				OTHER_CFLAGS = "$(inherited)";
				OTHER_CPLUSPLUSFLAGS = (
					"$(OTHER_CFLAGS)",
					"-DFOLLY_NO_CONFIG",
					"-DFOLLY_MOBILE=1",
					"-DFOLLY_USE_LIBCPP=1",
					"-DFOLLY_CFG_NO_COROUTINES=1",
					"-DFOLLY_HAVE_CLOCK_GETTIME=1",
				);
				OTHER_LDFLAGS = "$(inherited)  ";
				REACT_NATIVE_PATH = "${PODS_ROOT}/../../node_modules/react-native";
				SDKROOT = iphoneos;
				SWIFT_ACTIVE_COMPILATION_CONDITIONS = "$(inherited) DEBUG";
				USE_HERMES = true;
			};
			name = Debug;
		};
		83CBBA211A601CBA00E9B192 /* Release */ = {
			isa = XCBuildConfiguration;
			buildSettings = {
				ALWAYS_SEARCH_USER_PATHS = NO;
				CC = "";
				CLANG_ANALYZER_LOCALIZABILITY_NONLOCALIZED = YES;
				CLANG_CXX_LANGUAGE_STANDARD = "c++20";
				CLANG_CXX_LIBRARY = "libc++";
				CLANG_ENABLE_MODULES = YES;
				CLANG_ENABLE_OBJC_ARC = YES;
				CLANG_WARN_BLOCK_CAPTURE_AUTORELEASING = YES;
				CLANG_WARN_BOOL_CONVERSION = YES;
				CLANG_WARN_COMMA = YES;
				CLANG_WARN_CONSTANT_CONVERSION = YES;
				CLANG_WARN_DEPRECATED_OBJC_IMPLEMENTATIONS = YES;
				CLANG_WARN_DIRECT_OBJC_ISA_USAGE = YES_ERROR;
				CLANG_WARN_EMPTY_BODY = YES;
				CLANG_WARN_ENUM_CONVERSION = YES;
				CLANG_WARN_INFINITE_RECURSION = YES;
				CLANG_WARN_INT_CONVERSION = YES;
				CLANG_WARN_NON_LITERAL_NULL_CONVERSION = YES;
				CLANG_WARN_OBJC_IMPLICIT_RETAIN_SELF = YES;
				CLANG_WARN_OBJC_LITERAL_CONVERSION = YES;
				CLANG_WARN_OBJC_ROOT_CLASS = YES_ERROR;
				CLANG_WARN_QUOTED_INCLUDE_IN_FRAMEWORK_HEADER = YES;
				CLANG_WARN_RANGE_LOOP_ANALYSIS = YES;
				CLANG_WARN_STRICT_PROTOTYPES = YES;
				CLANG_WARN_SUSPICIOUS_MOVE = YES;
				CLANG_WARN_UNREACHABLE_CODE = YES;
				CLANG_WARN__DUPLICATE_METHOD_MATCH = YES;
				"CODE_SIGN_IDENTITY[sdk=iphoneos*]" = "iPhone Developer";
				COPY_PHASE_STRIP = YES;
				CXX = "";
				ENABLE_NS_ASSERTIONS = NO;
				ENABLE_STRICT_OBJC_MSGSEND = YES;
				"EXCLUDED_ARCHS[sdk=iphonesimulator*]" = i386;
				GCC_C_LANGUAGE_STANDARD = gnu99;
				GCC_NO_COMMON_BLOCKS = YES;
				GCC_PREPROCESSOR_DEFINITIONS = (
					"$(inherited)",
					_LIBCPP_ENABLE_CXX17_REMOVED_UNARY_BINARY_FUNCTION,
				);
				GCC_WARN_64_TO_32_BIT_CONVERSION = YES;
				GCC_WARN_ABOUT_RETURN_TYPE = YES_ERROR;
				GCC_WARN_UNDECLARED_SELECTOR = YES;
				GCC_WARN_UNINITIALIZED_AUTOS = YES_AGGRESSIVE;
				GCC_WARN_UNUSED_FUNCTION = YES;
				GCC_WARN_UNUSED_VARIABLE = YES;
				IPHONEOS_DEPLOYMENT_TARGET = 13.4;
				LD = "";
				LDPLUSPLUS = "";
				LD_RUNPATH_SEARCH_PATHS = (
					/usr/lib/swift,
					"$(inherited)",
				);
				LIBRARY_SEARCH_PATHS = (
					"\"$(SDKROOT)/usr/lib/swift\"",
					"\"$(TOOLCHAIN_DIR)/usr/lib/swift/$(PLATFORM_NAME)\"",
					"\"$(inherited)\"",
				);
				MTL_ENABLE_DEBUG_INFO = NO;
				OTHER_CFLAGS = "$(inherited)";
				OTHER_CPLUSPLUSFLAGS = (
					"$(OTHER_CFLAGS)",
					"-DFOLLY_NO_CONFIG",
					"-DFOLLY_MOBILE=1",
					"-DFOLLY_USE_LIBCPP=1",
					"-DFOLLY_CFG_NO_COROUTINES=1",
					"-DFOLLY_HAVE_CLOCK_GETTIME=1",
				);
				OTHER_LDFLAGS = "$(inherited)  ";
				REACT_NATIVE_PATH = "${PODS_ROOT}/../../node_modules/react-native";
				SDKROOT = iphoneos;
				USE_HERMES = true;
				VALIDATE_PRODUCT = YES;
			};
			name = Release;
		};
/* End XCBuildConfiguration section */

/* Begin XCConfigurationList section */
		00E357021AD99517003FC87E /* Build configuration list for PBXNativeTarget "IoReactNativeWalletExampleTests" */ = {
			isa = XCConfigurationList;
			buildConfigurations = (
				00E356F61AD99517003FC87E /* Debug */,
				00E356F71AD99517003FC87E /* Release */,
			);
			defaultConfigurationIsVisible = 0;
			defaultConfigurationName = Release;
		};
		13B07F931A680F5B00A75B9A /* Build configuration list for PBXNativeTarget "IoReactNativeWalletExample" */ = {
			isa = XCConfigurationList;
			buildConfigurations = (
				13B07F941A680F5B00A75B9A /* Debug */,
				13B07F951A680F5B00A75B9A /* Release */,
			);
			defaultConfigurationIsVisible = 0;
			defaultConfigurationName = Release;
		};
		83CBB9FA1A601CBA00E9B192 /* Build configuration list for PBXProject "IoReactNativeWalletExample" */ = {
			isa = XCConfigurationList;
			buildConfigurations = (
				83CBBA201A601CBA00E9B192 /* Debug */,
				83CBBA211A601CBA00E9B192 /* Release */,
			);
			defaultConfigurationIsVisible = 0;
			defaultConfigurationName = Release;
		};
/* End XCConfigurationList section */
	};
	rootObject = 83CBB9F71A601CBA00E9B192 /* Project object */;
}
